// !$*UTF8*$!
{
	archiveVersion = 1;
	classes = {
	};
	objectVersion = 56;
	objects = {

/* Begin PBXBuildFile section */
		36793F1473D5E9DF55347611 /* Pods_MyMusicDiary.framework in Frameworks */ = {isa = PBXBuildFile; fileRef = 341F314FA86A76EFB2377A55 /* Pods_MyMusicDiary.framework */; };
		4812D4FA2AC3A9ED00E7C6A4 /* AppDelegate.swift in Sources */ = {isa = PBXBuildFile; fileRef = 4812D4F92AC3A9ED00E7C6A4 /* AppDelegate.swift */; };
		4812D4FC2AC3A9ED00E7C6A4 /* SceneDelegate.swift in Sources */ = {isa = PBXBuildFile; fileRef = 4812D4FB2AC3A9ED00E7C6A4 /* SceneDelegate.swift */; };
		4812D4FE2AC3A9ED00E7C6A4 /* ViewController.swift in Sources */ = {isa = PBXBuildFile; fileRef = 4812D4FD2AC3A9ED00E7C6A4 /* ViewController.swift */; };
		4812D5032AC3A9EE00E7C6A4 /* Assets.xcassets in Resources */ = {isa = PBXBuildFile; fileRef = 4812D5022AC3A9EE00E7C6A4 /* Assets.xcassets */; };
		4812D5062AC3A9EE00E7C6A4 /* LaunchScreen.storyboard in Resources */ = {isa = PBXBuildFile; fileRef = 4812D5042AC3A9EE00E7C6A4 /* LaunchScreen.storyboard */; };
		4812D50F2AC3AAE600E7C6A4 /* Kingfisher in Frameworks */ = {isa = PBXBuildFile; productRef = 4812D50E2AC3AAE600E7C6A4 /* Kingfisher */; };
		4812D5122AC3AAF200E7C6A4 /* SnapKit in Frameworks */ = {isa = PBXBuildFile; productRef = 4812D5112AC3AAF200E7C6A4 /* SnapKit */; };
		4812D5152AC3AB1000E7C6A4 /* FSCalendar in Frameworks */ = {isa = PBXBuildFile; productRef = 4812D5142AC3AB1000E7C6A4 /* FSCalendar */; };
		4812D5182AC3AB2400E7C6A4 /* DGCharts in Frameworks */ = {isa = PBXBuildFile; productRef = 4812D5172AC3AB2400E7C6A4 /* DGCharts */; };
		4812D5202AC3AC9B00E7C6A4 /* SearchViewController.swift in Sources */ = {isa = PBXBuildFile; fileRef = 4812D51F2AC3AC9B00E7C6A4 /* SearchViewController.swift */; };
		4812D5222AC3ACA000E7C6A4 /* SearchViewModel.swift in Sources */ = {isa = PBXBuildFile; fileRef = 4812D5212AC3ACA000E7C6A4 /* SearchViewModel.swift */; };
		4812D5272AC3AE8600E7C6A4 /* MusicItem.swift in Sources */ = {isa = PBXBuildFile; fileRef = 4812D5262AC3AE8600E7C6A4 /* MusicItem.swift */; };
		4812D52A2AC3AF3900E7C6A4 /* Observable.swift in Sources */ = {isa = PBXBuildFile; fileRef = 4812D5292AC3AF3900E7C6A4 /* Observable.swift */; };
		4812D52D2AC3B96000E7C6A4 /* SearchCatalogCell.swift in Sources */ = {isa = PBXBuildFile; fileRef = 4812D52C2AC3B96000E7C6A4 /* SearchCatalogCell.swift */; };
		4812D5302AC3BBB200E7C6A4 /* BaseViewController.swift in Sources */ = {isa = PBXBuildFile; fileRef = 4812D52F2AC3BBB200E7C6A4 /* BaseViewController.swift */; };
		4812D5322AC3BBB900E7C6A4 /* BaseCollectionViewCell.swift in Sources */ = {isa = PBXBuildFile; fileRef = 4812D5312AC3BBB900E7C6A4 /* BaseCollectionViewCell.swift */; };
		4812D5352AC3D42200E7C6A4 /* Tabman in Frameworks */ = {isa = PBXBuildFile; productRef = 4812D5342AC3D42200E7C6A4 /* Tabman */; };
		4812D5372AC3D43A00E7C6A4 /* GenreTabViewController.swift in Sources */ = {isa = PBXBuildFile; fileRef = 4812D5362AC3D43A00E7C6A4 /* GenreTabViewController.swift */; };
		4812D5392AC3D61200E7C6A4 /* Genre1ViewController.swift in Sources */ = {isa = PBXBuildFile; fileRef = 4812D5382AC3D61200E7C6A4 /* Genre1ViewController.swift */; };
		4812D53B2AC3D61800E7C6A4 /* Genre2ViewController.swift in Sources */ = {isa = PBXBuildFile; fileRef = 4812D53A2AC3D61800E7C6A4 /* Genre2ViewController.swift */; };
		4812D53D2AC3D61F00E7C6A4 /* Genre3ViewController.swift in Sources */ = {isa = PBXBuildFile; fileRef = 4812D53C2AC3D61F00E7C6A4 /* Genre3ViewController.swift */; };
		4812D53F2AC3D62500E7C6A4 /* Genre4ViewController.swift in Sources */ = {isa = PBXBuildFile; fileRef = 4812D53E2AC3D62500E7C6A4 /* Genre4ViewController.swift */; };
		4812D5412AC3D62B00E7C6A4 /* Genre5ViewController.swift in Sources */ = {isa = PBXBuildFile; fileRef = 4812D5402AC3D62B00E7C6A4 /* Genre5ViewController.swift */; };
		4812D5442AC3D74500E7C6A4 /* GenreDataModel.swift in Sources */ = {isa = PBXBuildFile; fileRef = 4812D5432AC3D74500E7C6A4 /* GenreDataModel.swift */; };
		4812D54C2AC41C0700E7C6A4 /* SaveViewController.swift in Sources */ = {isa = PBXBuildFile; fileRef = 4812D54B2AC41C0700E7C6A4 /* SaveViewController.swift */; };
		4812D54E2AC41C0D00E7C6A4 /* SaveViewModel.swift in Sources */ = {isa = PBXBuildFile; fileRef = 4812D54D2AC41C0D00E7C6A4 /* SaveViewModel.swift */; };
		4812D5502AC43ED400E7C6A4 /* SaveCatalogCell.swift in Sources */ = {isa = PBXBuildFile; fileRef = 4812D54F2AC43ED400E7C6A4 /* SaveCatalogCell.swift */; };
		4837903D2ACA4C20003AC436 /* MonthCalendarViewController.swift in Sources */ = {isa = PBXBuildFile; fileRef = 4837903C2ACA4C20003AC436 /* MonthCalendarViewController.swift */; };
		4837903F2ACA4C86003AC436 /* CalendarCell.swift in Sources */ = {isa = PBXBuildFile; fileRef = 4837903E2ACA4C86003AC436 /* CalendarCell.swift */; };
		483790412ACA7873003AC436 /* MonthCalendarViewModel.swift in Sources */ = {isa = PBXBuildFile; fileRef = 483790402ACA7873003AC436 /* MonthCalendarViewModel.swift */; };
		483790432ACA7AEE003AC436 /* DayItemTableRepository.swift in Sources */ = {isa = PBXBuildFile; fileRef = 483790422ACA7AEE003AC436 /* DayItemTableRepository.swift */; };
		483790462ACA9046003AC436 /* UIColor+Extension.swift in Sources */ = {isa = PBXBuildFile; fileRef = 483790452ACA9046003AC436 /* UIColor+Extension.swift */; };
		483790492ACA9090003AC436 /* Constant.swift in Sources */ = {isa = PBXBuildFile; fileRef = 483790482ACA9090003AC436 /* Constant.swift */; };
		4837904B2ACBA208003AC436 /* UIView+Extension.swift in Sources */ = {isa = PBXBuildFile; fileRef = 4837904A2ACBA208003AC436 /* UIView+Extension.swift */; };
		4837904E2ACBA3BC003AC436 /* Genre1ViewModel.swift in Sources */ = {isa = PBXBuildFile; fileRef = 4837904D2ACBA3BC003AC436 /* Genre1ViewModel.swift */; };
		483790512ACBA595003AC436 /* Protocol_UpdateData.swift in Sources */ = {isa = PBXBuildFile; fileRef = 483790502ACBA595003AC436 /* Protocol_UpdateData.swift */; };
		483790542ACBDD45003AC436 /* HomeTabViewController.swift in Sources */ = {isa = PBXBuildFile; fileRef = 483790532ACBDD45003AC436 /* HomeTabViewController.swift */; };
		4837907E2ACD27FC003AC436 /* MonthCalendarCatalogCell.swift in Sources */ = {isa = PBXBuildFile; fileRef = 4837907D2ACD27FC003AC436 /* MonthCalendarCatalogCell.swift */; };
		483790822ACD3B40003AC436 /* MonthCalendarView.swift in Sources */ = {isa = PBXBuildFile; fileRef = 483790812ACD3B40003AC436 /* MonthCalendarView.swift */; };
		483790842ACD3B7E003AC436 /* BaseView.swift in Sources */ = {isa = PBXBuildFile; fileRef = 483790832ACD3B7E003AC436 /* BaseView.swift */; };
		4837908A2ACD52B8003AC436 /* MonthScrollViewController.swift in Sources */ = {isa = PBXBuildFile; fileRef = 483790892ACD52B8003AC436 /* MonthScrollViewController.swift */; };
		4837908C2ACD535D003AC436 /* MonthScrollView.swift in Sources */ = {isa = PBXBuildFile; fileRef = 4837908B2ACD535D003AC436 /* MonthScrollView.swift */; };
		4837908E2ACD6098003AC436 /* MonthScrollCatalogCell.swift in Sources */ = {isa = PBXBuildFile; fileRef = 4837908D2ACD6098003AC436 /* MonthScrollCatalogCell.swift */; };
		483790922ACEA490003AC436 /* DateFormatType+Enum.swift in Sources */ = {isa = PBXBuildFile; fileRef = 483790912ACEA490003AC436 /* DateFormatType+Enum.swift */; };
		483790942ACEA51B003AC436 /* String+Extension.swift in Sources */ = {isa = PBXBuildFile; fileRef = 483790932ACEA51B003AC436 /* String+Extension.swift */; };
		483790962ACEA58F003AC436 /* Date+Extension.swift in Sources */ = {isa = PBXBuildFile; fileRef = 483790952ACEA58F003AC436 /* Date+Extension.swift */; };
		483790992ACEDDCB003AC436 /* MonthScrollViewModel.swift in Sources */ = {isa = PBXBuildFile; fileRef = 483790982ACEDDCB003AC436 /* MonthScrollViewModel.swift */; };
		483790A02ACFAAFE003AC436 /* ChartDataRepository.swift in Sources */ = {isa = PBXBuildFile; fileRef = 4837909F2ACFAAFE003AC436 /* ChartDataRepository.swift */; };
		483790A32ACFAB43003AC436 /* MonthChartViewController.swift in Sources */ = {isa = PBXBuildFile; fileRef = 483790A22ACFAB43003AC436 /* MonthChartViewController.swift */; };
		483790A52ACFDB32003AC436 /* CustomPieChartView.swift in Sources */ = {isa = PBXBuildFile; fileRef = 483790A42ACFDB32003AC436 /* CustomPieChartView.swift */; };
		483790A72ACFEFAC003AC436 /* PieChartSideCollectionViewCell.swift in Sources */ = {isa = PBXBuildFile; fileRef = 483790A62ACFEFAC003AC436 /* PieChartSideCollectionViewCell.swift */; };
		483790AC2AD0D862003AC436 /* CustomBarChartView.swift in Sources */ = {isa = PBXBuildFile; fileRef = 483790AB2AD0D862003AC436 /* CustomBarChartView.swift */; };
		483790AE2AD0E5A2003AC436 /* CustomBarChartViewWithExplanation.swift in Sources */ = {isa = PBXBuildFile; fileRef = 483790AD2AD0E5A2003AC436 /* CustomBarChartViewWithExplanation.swift */; };
		483790B02AD117B2003AC436 /* BarChartSideCollectionViewCell.swift in Sources */ = {isa = PBXBuildFile; fileRef = 483790AF2AD117B2003AC436 /* BarChartSideCollectionViewCell.swift */; };
		483790B22AD137AD003AC436 /* CustomTitleView.swift in Sources */ = {isa = PBXBuildFile; fileRef = 483790B12AD137AD003AC436 /* CustomTitleView.swift */; };
		483790B42AD174BC003AC436 /* ChartTabViewController.swift in Sources */ = {isa = PBXBuildFile; fileRef = 483790B32AD174BC003AC436 /* ChartTabViewController.swift */; };
		483790B62AD174CA003AC436 /* WeekChartViewController.swift in Sources */ = {isa = PBXBuildFile; fileRef = 483790B52AD174CA003AC436 /* WeekChartViewController.swift */; };
		4841038D2AD6BE3D002D56C7 /* GenreViewController.swift in Sources */ = {isa = PBXBuildFile; fileRef = 4841038C2AD6BE3D002D56C7 /* GenreViewController.swift */; };
		4841038F2AD6BF16002D56C7 /* GenreViewModel.swift in Sources */ = {isa = PBXBuildFile; fileRef = 4841038E2AD6BF16002D56C7 /* GenreViewModel.swift */; };
		484103922AD6CE21002D56C7 /* HelpPageViewController.swift in Sources */ = {isa = PBXBuildFile; fileRef = 484103912AD6CE21002D56C7 /* HelpPageViewController.swift */; };
		484103942AD6CE9B002D56C7 /* HelpAlertViewController.swift in Sources */ = {isa = PBXBuildFile; fileRef = 484103932AD6CE9B002D56C7 /* HelpAlertViewController.swift */; };
		488935562AD666E000E4B0B0 /* NotificationRepository.swift in Sources */ = {isa = PBXBuildFile; fileRef = 488935552AD666E000E4B0B0 /* NotificationRepository.swift */; };
		488935582AD66D7800E4B0B0 /* UIViewController+Extension.swift in Sources */ = {isa = PBXBuildFile; fileRef = 488935572AD66D7800E4B0B0 /* UIViewController+Extension.swift */; };
		4889355A2AD68ECA00E4B0B0 /* GenreCatalogCell.swift in Sources */ = {isa = PBXBuildFile; fileRef = 488935592AD68ECA00E4B0B0 /* GenreCatalogCell.swift */; };
		4889355C2AD6939000E4B0B0 /* Genre+Enum.swift in Sources */ = {isa = PBXBuildFile; fileRef = 4889355B2AD6939000E4B0B0 /* Genre+Enum.swift */; };
		489970422AD8258500A06A5C /* UIImage+Extension.swift in Sources */ = {isa = PBXBuildFile; fileRef = 489970412AD8258400A06A5C /* UIImage+Extension.swift */; };
		489970442AD8310E00A06A5C /* CALayer+Extension.swift in Sources */ = {isa = PBXBuildFile; fileRef = 489970432AD8310E00A06A5C /* CALayer+Extension.swift */; };
		48A0A0E02AC54896008DC198 /* Realm in Frameworks */ = {isa = PBXBuildFile; productRef = 48A0A0DF2AC54896008DC198 /* Realm */; };
		48A0A0E22AC54896008DC198 /* RealmSwift in Frameworks */ = {isa = PBXBuildFile; productRef = 48A0A0E12AC54896008DC198 /* RealmSwift */; };
		48A0A0E52AC548CB008DC198 /* RealmModel.swift in Sources */ = {isa = PBXBuildFile; fileRef = 48A0A0E42AC548CB008DC198 /* RealmModel.swift */; };
		48A0A0E72AC548E1008DC198 /* MusicItemTableRepository.swift in Sources */ = {isa = PBXBuildFile; fileRef = 48A0A0E62AC548E1008DC198 /* MusicItemTableRepository.swift */; };
		48BA312B2AD3ED040048AD05 /* RecordDateViewController.swift in Sources */ = {isa = PBXBuildFile; fileRef = 48BA312A2AD3ED040048AD05 /* RecordDateViewController.swift */; };
		48BA312E2AD4D2A60048AD05 /* RecordDateViewModel.swift in Sources */ = {isa = PBXBuildFile; fileRef = 48BA312D2AD4D2A60048AD05 /* RecordDateViewModel.swift */; };
		48BA31302AD4D7F50048AD05 /* RecordDateCollectionViewCell.swift in Sources */ = {isa = PBXBuildFile; fileRef = 48BA312F2AD4D7F50048AD05 /* RecordDateCollectionViewCell.swift */; };
		48BA31332AD515E40048AD05 /* MainSettingViewController.swift in Sources */ = {isa = PBXBuildFile; fileRef = 48BA31322AD515E40048AD05 /* MainSettingViewController.swift */; };
		48BA31382AD518E30048AD05 /* NotificationSettingViewController.swift in Sources */ = {isa = PBXBuildFile; fileRef = 48BA31372AD518E30048AD05 /* NotificationSettingViewController.swift */; };
		48C7E2F62AD295CA00879D36 /* MainPagerViewCell.swift in Sources */ = {isa = PBXBuildFile; fileRef = 48C7E2F52AD295CA00879D36 /* MainPagerViewCell.swift */; };
		48CD19122AD282DE000BF7F3 /* PagerViewController.swift in Sources */ = {isa = PBXBuildFile; fileRef = 48CD19112AD282DE000BF7F3 /* PagerViewController.swift */; };
		48DAF68E2AD2D22200932539 /* PagerViewModel.swift in Sources */ = {isa = PBXBuildFile; fileRef = 48DAF68D2AD2D22200932539 /* PagerViewModel.swift */; };
		48DAF6902AD2D25600932539 /* PagerViewDataRepository.swift in Sources */ = {isa = PBXBuildFile; fileRef = 48DAF68F2AD2D25600932539 /* PagerViewDataRepository.swift */; };
		48DC50F42ADA812100705D4F /* NotificationTimeView.swift in Sources */ = {isa = PBXBuildFile; fileRef = 48DC50F32ADA812100705D4F /* NotificationTimeView.swift */; };
		48DC50F62ADA812B00705D4F /* NotificationSettingListView.swift in Sources */ = {isa = PBXBuildFile; fileRef = 48DC50F52ADA812B00705D4F /* NotificationSettingListView.swift */; };
		48DC50F82ADB6AF500705D4F /* HelpAlertView.swift in Sources */ = {isa = PBXBuildFile; fileRef = 48DC50F72ADB6AF500705D4F /* HelpAlertView.swift */; };
		48DC50FA2ADBBAE900705D4F /* GoogleService-Info.plist in Resources */ = {isa = PBXBuildFile; fileRef = 48DC50F92ADBBAE900705D4F /* GoogleService-Info.plist */; };
		48DC50FD2ADBBC3300705D4F /* FirebaseAnalyticsWithoutAdIdSupport in Frameworks */ = {isa = PBXBuildFile; productRef = 48DC50FC2ADBBC3300705D4F /* FirebaseAnalyticsWithoutAdIdSupport */; };
		48DC50FF2ADBBC3300705D4F /* FirebaseCrashlytics in Frameworks */ = {isa = PBXBuildFile; productRef = 48DC50FE2ADBBC3300705D4F /* FirebaseCrashlytics */; };
/* End PBXBuildFile section */

/* Begin PBXFileReference section */
		341F314FA86A76EFB2377A55 /* Pods_MyMusicDiary.framework */ = {isa = PBXFileReference; explicitFileType = wrapper.framework; includeInIndex = 0; path = Pods_MyMusicDiary.framework; sourceTree = BUILT_PRODUCTS_DIR; };
		4812D4F62AC3A9ED00E7C6A4 /* MyMusicDiary.app */ = {isa = PBXFileReference; explicitFileType = wrapper.application; includeInIndex = 0; path = MyMusicDiary.app; sourceTree = BUILT_PRODUCTS_DIR; };
		4812D4F92AC3A9ED00E7C6A4 /* AppDelegate.swift */ = {isa = PBXFileReference; lastKnownFileType = sourcecode.swift; path = AppDelegate.swift; sourceTree = "<group>"; };
		4812D4FB2AC3A9ED00E7C6A4 /* SceneDelegate.swift */ = {isa = PBXFileReference; lastKnownFileType = sourcecode.swift; path = SceneDelegate.swift; sourceTree = "<group>"; };
		4812D4FD2AC3A9ED00E7C6A4 /* ViewController.swift */ = {isa = PBXFileReference; lastKnownFileType = sourcecode.swift; path = ViewController.swift; sourceTree = "<group>"; };
		4812D5022AC3A9EE00E7C6A4 /* Assets.xcassets */ = {isa = PBXFileReference; lastKnownFileType = folder.assetcatalog; path = Assets.xcassets; sourceTree = "<group>"; };
		4812D5052AC3A9EE00E7C6A4 /* Base */ = {isa = PBXFileReference; lastKnownFileType = file.storyboard; name = Base; path = Base.lproj/LaunchScreen.storyboard; sourceTree = "<group>"; };
		4812D5072AC3A9EE00E7C6A4 /* Info.plist */ = {isa = PBXFileReference; lastKnownFileType = text.plist.xml; path = Info.plist; sourceTree = "<group>"; };
		4812D51F2AC3AC9B00E7C6A4 /* SearchViewController.swift */ = {isa = PBXFileReference; lastKnownFileType = sourcecode.swift; path = SearchViewController.swift; sourceTree = "<group>"; };
		4812D5212AC3ACA000E7C6A4 /* SearchViewModel.swift */ = {isa = PBXFileReference; lastKnownFileType = sourcecode.swift; path = SearchViewModel.swift; sourceTree = "<group>"; };
		4812D5262AC3AE8600E7C6A4 /* MusicItem.swift */ = {isa = PBXFileReference; lastKnownFileType = sourcecode.swift; path = MusicItem.swift; sourceTree = "<group>"; };
		4812D5292AC3AF3900E7C6A4 /* Observable.swift */ = {isa = PBXFileReference; lastKnownFileType = sourcecode.swift; path = Observable.swift; sourceTree = "<group>"; };
		4812D52C2AC3B96000E7C6A4 /* SearchCatalogCell.swift */ = {isa = PBXFileReference; lastKnownFileType = sourcecode.swift; path = SearchCatalogCell.swift; sourceTree = "<group>"; };
		4812D52F2AC3BBB200E7C6A4 /* BaseViewController.swift */ = {isa = PBXFileReference; lastKnownFileType = sourcecode.swift; path = BaseViewController.swift; sourceTree = "<group>"; };
		4812D5312AC3BBB900E7C6A4 /* BaseCollectionViewCell.swift */ = {isa = PBXFileReference; lastKnownFileType = sourcecode.swift; path = BaseCollectionViewCell.swift; sourceTree = "<group>"; };
		4812D5362AC3D43A00E7C6A4 /* GenreTabViewController.swift */ = {isa = PBXFileReference; lastKnownFileType = sourcecode.swift; path = GenreTabViewController.swift; sourceTree = "<group>"; };
		4812D5382AC3D61200E7C6A4 /* Genre1ViewController.swift */ = {isa = PBXFileReference; lastKnownFileType = sourcecode.swift; path = Genre1ViewController.swift; sourceTree = "<group>"; };
		4812D53A2AC3D61800E7C6A4 /* Genre2ViewController.swift */ = {isa = PBXFileReference; lastKnownFileType = sourcecode.swift; path = Genre2ViewController.swift; sourceTree = "<group>"; };
		4812D53C2AC3D61F00E7C6A4 /* Genre3ViewController.swift */ = {isa = PBXFileReference; lastKnownFileType = sourcecode.swift; path = Genre3ViewController.swift; sourceTree = "<group>"; };
		4812D53E2AC3D62500E7C6A4 /* Genre4ViewController.swift */ = {isa = PBXFileReference; lastKnownFileType = sourcecode.swift; path = Genre4ViewController.swift; sourceTree = "<group>"; };
		4812D5402AC3D62B00E7C6A4 /* Genre5ViewController.swift */ = {isa = PBXFileReference; lastKnownFileType = sourcecode.swift; path = Genre5ViewController.swift; sourceTree = "<group>"; };
		4812D5432AC3D74500E7C6A4 /* GenreDataModel.swift */ = {isa = PBXFileReference; lastKnownFileType = sourcecode.swift; path = GenreDataModel.swift; sourceTree = "<group>"; };
		4812D5452AC4055E00E7C6A4 /* ko */ = {isa = PBXFileReference; lastKnownFileType = text.plist.strings; name = ko; path = ko.lproj/LaunchScreen.strings; sourceTree = "<group>"; };
		4812D54B2AC41C0700E7C6A4 /* SaveViewController.swift */ = {isa = PBXFileReference; lastKnownFileType = sourcecode.swift; path = SaveViewController.swift; sourceTree = "<group>"; };
		4812D54D2AC41C0D00E7C6A4 /* SaveViewModel.swift */ = {isa = PBXFileReference; lastKnownFileType = sourcecode.swift; path = SaveViewModel.swift; sourceTree = "<group>"; };
		4812D54F2AC43ED400E7C6A4 /* SaveCatalogCell.swift */ = {isa = PBXFileReference; lastKnownFileType = sourcecode.swift; path = SaveCatalogCell.swift; sourceTree = "<group>"; };
		4837903C2ACA4C20003AC436 /* MonthCalendarViewController.swift */ = {isa = PBXFileReference; lastKnownFileType = sourcecode.swift; path = MonthCalendarViewController.swift; sourceTree = "<group>"; };
		4837903E2ACA4C86003AC436 /* CalendarCell.swift */ = {isa = PBXFileReference; lastKnownFileType = sourcecode.swift; path = CalendarCell.swift; sourceTree = "<group>"; };
		483790402ACA7873003AC436 /* MonthCalendarViewModel.swift */ = {isa = PBXFileReference; lastKnownFileType = sourcecode.swift; path = MonthCalendarViewModel.swift; sourceTree = "<group>"; };
		483790422ACA7AEE003AC436 /* DayItemTableRepository.swift */ = {isa = PBXFileReference; lastKnownFileType = sourcecode.swift; path = DayItemTableRepository.swift; sourceTree = "<group>"; };
		483790452ACA9046003AC436 /* UIColor+Extension.swift */ = {isa = PBXFileReference; lastKnownFileType = sourcecode.swift; path = "UIColor+Extension.swift"; sourceTree = "<group>"; };
		483790482ACA9090003AC436 /* Constant.swift */ = {isa = PBXFileReference; lastKnownFileType = sourcecode.swift; path = Constant.swift; sourceTree = "<group>"; };
		4837904A2ACBA208003AC436 /* UIView+Extension.swift */ = {isa = PBXFileReference; lastKnownFileType = sourcecode.swift; path = "UIView+Extension.swift"; sourceTree = "<group>"; };
		4837904D2ACBA3BC003AC436 /* Genre1ViewModel.swift */ = {isa = PBXFileReference; lastKnownFileType = sourcecode.swift; path = Genre1ViewModel.swift; sourceTree = "<group>"; };
		483790502ACBA595003AC436 /* Protocol_UpdateData.swift */ = {isa = PBXFileReference; lastKnownFileType = sourcecode.swift; path = Protocol_UpdateData.swift; sourceTree = "<group>"; };
		483790532ACBDD45003AC436 /* HomeTabViewController.swift */ = {isa = PBXFileReference; lastKnownFileType = sourcecode.swift; path = HomeTabViewController.swift; sourceTree = "<group>"; };
		4837907D2ACD27FC003AC436 /* MonthCalendarCatalogCell.swift */ = {isa = PBXFileReference; lastKnownFileType = sourcecode.swift; path = MonthCalendarCatalogCell.swift; sourceTree = "<group>"; };
		483790812ACD3B40003AC436 /* MonthCalendarView.swift */ = {isa = PBXFileReference; lastKnownFileType = sourcecode.swift; path = MonthCalendarView.swift; sourceTree = "<group>"; };
		483790832ACD3B7E003AC436 /* BaseView.swift */ = {isa = PBXFileReference; lastKnownFileType = sourcecode.swift; path = BaseView.swift; sourceTree = "<group>"; };
		483790892ACD52B8003AC436 /* MonthScrollViewController.swift */ = {isa = PBXFileReference; lastKnownFileType = sourcecode.swift; path = MonthScrollViewController.swift; sourceTree = "<group>"; };
		4837908B2ACD535D003AC436 /* MonthScrollView.swift */ = {isa = PBXFileReference; lastKnownFileType = sourcecode.swift; path = MonthScrollView.swift; sourceTree = "<group>"; };
		4837908D2ACD6098003AC436 /* MonthScrollCatalogCell.swift */ = {isa = PBXFileReference; lastKnownFileType = sourcecode.swift; path = MonthScrollCatalogCell.swift; sourceTree = "<group>"; };
		483790912ACEA490003AC436 /* DateFormatType+Enum.swift */ = {isa = PBXFileReference; lastKnownFileType = sourcecode.swift; path = "DateFormatType+Enum.swift"; sourceTree = "<group>"; };
		483790932ACEA51B003AC436 /* String+Extension.swift */ = {isa = PBXFileReference; lastKnownFileType = sourcecode.swift; path = "String+Extension.swift"; sourceTree = "<group>"; };
		483790952ACEA58F003AC436 /* Date+Extension.swift */ = {isa = PBXFileReference; lastKnownFileType = sourcecode.swift; path = "Date+Extension.swift"; sourceTree = "<group>"; };
		483790982ACEDDCB003AC436 /* MonthScrollViewModel.swift */ = {isa = PBXFileReference; lastKnownFileType = sourcecode.swift; path = MonthScrollViewModel.swift; sourceTree = "<group>"; };
		4837909F2ACFAAFE003AC436 /* ChartDataRepository.swift */ = {isa = PBXFileReference; lastKnownFileType = sourcecode.swift; path = ChartDataRepository.swift; sourceTree = "<group>"; };
		483790A22ACFAB43003AC436 /* MonthChartViewController.swift */ = {isa = PBXFileReference; lastKnownFileType = sourcecode.swift; path = MonthChartViewController.swift; sourceTree = "<group>"; };
		483790A42ACFDB32003AC436 /* CustomPieChartView.swift */ = {isa = PBXFileReference; lastKnownFileType = sourcecode.swift; path = CustomPieChartView.swift; sourceTree = "<group>"; };
		483790A62ACFEFAC003AC436 /* PieChartSideCollectionViewCell.swift */ = {isa = PBXFileReference; lastKnownFileType = sourcecode.swift; path = PieChartSideCollectionViewCell.swift; sourceTree = "<group>"; };
		483790AB2AD0D862003AC436 /* CustomBarChartView.swift */ = {isa = PBXFileReference; lastKnownFileType = sourcecode.swift; path = CustomBarChartView.swift; sourceTree = "<group>"; };
		483790AD2AD0E5A2003AC436 /* CustomBarChartViewWithExplanation.swift */ = {isa = PBXFileReference; lastKnownFileType = sourcecode.swift; path = CustomBarChartViewWithExplanation.swift; sourceTree = "<group>"; };
		483790AF2AD117B2003AC436 /* BarChartSideCollectionViewCell.swift */ = {isa = PBXFileReference; lastKnownFileType = sourcecode.swift; path = BarChartSideCollectionViewCell.swift; sourceTree = "<group>"; };
		483790B12AD137AD003AC436 /* CustomTitleView.swift */ = {isa = PBXFileReference; lastKnownFileType = sourcecode.swift; path = CustomTitleView.swift; sourceTree = "<group>"; };
		483790B32AD174BC003AC436 /* ChartTabViewController.swift */ = {isa = PBXFileReference; lastKnownFileType = sourcecode.swift; path = ChartTabViewController.swift; sourceTree = "<group>"; };
		483790B52AD174CA003AC436 /* WeekChartViewController.swift */ = {isa = PBXFileReference; lastKnownFileType = sourcecode.swift; path = WeekChartViewController.swift; sourceTree = "<group>"; };
		4841038C2AD6BE3D002D56C7 /* GenreViewController.swift */ = {isa = PBXFileReference; lastKnownFileType = sourcecode.swift; path = GenreViewController.swift; sourceTree = "<group>"; };
		4841038E2AD6BF16002D56C7 /* GenreViewModel.swift */ = {isa = PBXFileReference; lastKnownFileType = sourcecode.swift; path = GenreViewModel.swift; sourceTree = "<group>"; };
		484103912AD6CE21002D56C7 /* HelpPageViewController.swift */ = {isa = PBXFileReference; lastKnownFileType = sourcecode.swift; path = HelpPageViewController.swift; sourceTree = "<group>"; };
		484103932AD6CE9B002D56C7 /* HelpAlertViewController.swift */ = {isa = PBXFileReference; lastKnownFileType = sourcecode.swift; path = HelpAlertViewController.swift; sourceTree = "<group>"; };
		488935552AD666E000E4B0B0 /* NotificationRepository.swift */ = {isa = PBXFileReference; lastKnownFileType = sourcecode.swift; path = NotificationRepository.swift; sourceTree = "<group>"; };
		488935572AD66D7800E4B0B0 /* UIViewController+Extension.swift */ = {isa = PBXFileReference; lastKnownFileType = sourcecode.swift; path = "UIViewController+Extension.swift"; sourceTree = "<group>"; };
		488935592AD68ECA00E4B0B0 /* GenreCatalogCell.swift */ = {isa = PBXFileReference; lastKnownFileType = sourcecode.swift; path = GenreCatalogCell.swift; sourceTree = "<group>"; };
		4889355B2AD6939000E4B0B0 /* Genre+Enum.swift */ = {isa = PBXFileReference; lastKnownFileType = sourcecode.swift; path = "Genre+Enum.swift"; sourceTree = "<group>"; };
		489970412AD8258400A06A5C /* UIImage+Extension.swift */ = {isa = PBXFileReference; lastKnownFileType = sourcecode.swift; path = "UIImage+Extension.swift"; sourceTree = "<group>"; };
		489970432AD8310E00A06A5C /* CALayer+Extension.swift */ = {isa = PBXFileReference; lastKnownFileType = sourcecode.swift; path = "CALayer+Extension.swift"; sourceTree = "<group>"; };
		48A0A0E42AC548CB008DC198 /* RealmModel.swift */ = {isa = PBXFileReference; lastKnownFileType = sourcecode.swift; path = RealmModel.swift; sourceTree = "<group>"; };
		48A0A0E62AC548E1008DC198 /* MusicItemTableRepository.swift */ = {isa = PBXFileReference; lastKnownFileType = sourcecode.swift; path = MusicItemTableRepository.swift; sourceTree = "<group>"; };
		48BA312A2AD3ED040048AD05 /* RecordDateViewController.swift */ = {isa = PBXFileReference; lastKnownFileType = sourcecode.swift; path = RecordDateViewController.swift; sourceTree = "<group>"; };
		48BA312D2AD4D2A60048AD05 /* RecordDateViewModel.swift */ = {isa = PBXFileReference; lastKnownFileType = sourcecode.swift; path = RecordDateViewModel.swift; sourceTree = "<group>"; };
		48BA312F2AD4D7F50048AD05 /* RecordDateCollectionViewCell.swift */ = {isa = PBXFileReference; lastKnownFileType = sourcecode.swift; path = RecordDateCollectionViewCell.swift; sourceTree = "<group>"; };
		48BA31322AD515E40048AD05 /* MainSettingViewController.swift */ = {isa = PBXFileReference; lastKnownFileType = sourcecode.swift; path = MainSettingViewController.swift; sourceTree = "<group>"; };
		48BA31372AD518E30048AD05 /* NotificationSettingViewController.swift */ = {isa = PBXFileReference; lastKnownFileType = sourcecode.swift; path = NotificationSettingViewController.swift; sourceTree = "<group>"; };
		48C7E2F52AD295CA00879D36 /* MainPagerViewCell.swift */ = {isa = PBXFileReference; lastKnownFileType = sourcecode.swift; path = MainPagerViewCell.swift; sourceTree = "<group>"; };
		48CD19112AD282DE000BF7F3 /* PagerViewController.swift */ = {isa = PBXFileReference; lastKnownFileType = sourcecode.swift; path = PagerViewController.swift; sourceTree = "<group>"; };
		48DAF68D2AD2D22200932539 /* PagerViewModel.swift */ = {isa = PBXFileReference; lastKnownFileType = sourcecode.swift; path = PagerViewModel.swift; sourceTree = "<group>"; };
		48DAF68F2AD2D25600932539 /* PagerViewDataRepository.swift */ = {isa = PBXFileReference; lastKnownFileType = sourcecode.swift; path = PagerViewDataRepository.swift; sourceTree = "<group>"; };
		48DC50F32ADA812100705D4F /* NotificationTimeView.swift */ = {isa = PBXFileReference; lastKnownFileType = sourcecode.swift; path = NotificationTimeView.swift; sourceTree = "<group>"; };
		48DC50F52ADA812B00705D4F /* NotificationSettingListView.swift */ = {isa = PBXFileReference; lastKnownFileType = sourcecode.swift; path = NotificationSettingListView.swift; sourceTree = "<group>"; };
		48DC50F72ADB6AF500705D4F /* HelpAlertView.swift */ = {isa = PBXFileReference; lastKnownFileType = sourcecode.swift; path = HelpAlertView.swift; sourceTree = "<group>"; };
		48DC50F92ADBBAE900705D4F /* GoogleService-Info.plist */ = {isa = PBXFileReference; fileEncoding = 4; lastKnownFileType = text.plist.xml; path = "GoogleService-Info.plist"; sourceTree = "<group>"; };
		8D293728EF7C31CA6E7B21C9 /* Pods-MyMusicDiary.release.xcconfig */ = {isa = PBXFileReference; includeInIndex = 1; lastKnownFileType = text.xcconfig; name = "Pods-MyMusicDiary.release.xcconfig"; path = "Target Support Files/Pods-MyMusicDiary/Pods-MyMusicDiary.release.xcconfig"; sourceTree = "<group>"; };
		F4D8442AED55653543FCE550 /* Pods-MyMusicDiary.debug.xcconfig */ = {isa = PBXFileReference; includeInIndex = 1; lastKnownFileType = text.xcconfig; name = "Pods-MyMusicDiary.debug.xcconfig"; path = "Target Support Files/Pods-MyMusicDiary/Pods-MyMusicDiary.debug.xcconfig"; sourceTree = "<group>"; };
/* End PBXFileReference section */

/* Begin PBXFrameworksBuildPhase section */
		4812D4F32AC3A9ED00E7C6A4 /* Frameworks */ = {
			isa = PBXFrameworksBuildPhase;
			buildActionMask = 2147483647;
			files = (
				48A0A0E02AC54896008DC198 /* Realm in Frameworks */,
				4812D5352AC3D42200E7C6A4 /* Tabman in Frameworks */,
				48A0A0E22AC54896008DC198 /* RealmSwift in Frameworks */,
				4812D5182AC3AB2400E7C6A4 /* DGCharts in Frameworks */,
				4812D50F2AC3AAE600E7C6A4 /* Kingfisher in Frameworks */,
				4812D5152AC3AB1000E7C6A4 /* FSCalendar in Frameworks */,
				4812D5122AC3AAF200E7C6A4 /* SnapKit in Frameworks */,
				48DC50FF2ADBBC3300705D4F /* FirebaseCrashlytics in Frameworks */,
				48DC50FD2ADBBC3300705D4F /* FirebaseAnalyticsWithoutAdIdSupport in Frameworks */,
				36793F1473D5E9DF55347611 /* Pods_MyMusicDiary.framework in Frameworks */,
			);
			runOnlyForDeploymentPostprocessing = 0;
		};
/* End PBXFrameworksBuildPhase section */

/* Begin PBXGroup section */
		4812D4ED2AC3A9ED00E7C6A4 = {
			isa = PBXGroup;
			children = (
				4812D4F82AC3A9ED00E7C6A4 /* MyMusicDiary */,
				4812D4F72AC3A9ED00E7C6A4 /* Products */,
				99F964DB2FEB2A606827D0F7 /* Pods */,
				D6CABB9C611E83054CBF627F /* Frameworks */,
			);
			sourceTree = "<group>";
		};
		4812D4F72AC3A9ED00E7C6A4 /* Products */ = {
			isa = PBXGroup;
			children = (
				4812D4F62AC3A9ED00E7C6A4 /* MyMusicDiary.app */,
			);
			name = Products;
			sourceTree = "<group>";
		};
		4812D4F82AC3A9ED00E7C6A4 /* MyMusicDiary */ = {
			isa = PBXGroup;
			children = (
				48DC50F92ADBBAE900705D4F /* GoogleService-Info.plist */,
				483790902ACEA484003AC436 /* Enum */,
				483790472ACA9089003AC436 /* Constant */,
				483790442ACA903E003AC436 /* Extension */,
				48A0A0E32AC548C3008DC198 /* Realm */,
				4812D5422AC3D73900E7C6A4 /* GenreModel */,
				4812D52E2AC3BBA700E7C6A4 /* Base */,
				4812D52B2AC3B94300E7C6A4 /* Cell */,
				4812D5282AC3AF3200E7C6A4 /* Observable */,
				4812D5252AC3AE7D00E7C6A4 /* Struct */,
				4812D5192AC3ABE100E7C6A4 /* Scene */,
				4812D4F92AC3A9ED00E7C6A4 /* AppDelegate.swift */,
				4812D4FB2AC3A9ED00E7C6A4 /* SceneDelegate.swift */,
				4812D4FD2AC3A9ED00E7C6A4 /* ViewController.swift */,
				4812D5022AC3A9EE00E7C6A4 /* Assets.xcassets */,
				4812D5042AC3A9EE00E7C6A4 /* LaunchScreen.storyboard */,
				4812D5072AC3A9EE00E7C6A4 /* Info.plist */,
			);
			path = MyMusicDiary;
			sourceTree = "<group>";
		};
		4812D5192AC3ABE100E7C6A4 /* Scene */ = {
			isa = PBXGroup;
			children = (
				4837903B2ACA4C04003AC436 /* Home */,
				4812D51B2AC3AC0D00E7C6A4 /* Add */,
			);
			path = Scene;
			sourceTree = "<group>";
		};
		4812D51B2AC3AC0D00E7C6A4 /* Add */ = {
			isa = PBXGroup;
			children = (
				4841038B2AD6BE34002D56C7 /* Genre */,
				4812D51C2AC3AC6F00E7C6A4 /* Save */,
				4812D51D2AC3AC7500E7C6A4 /* Search */,
				4812D51E2AC3AC7A00E7C6A4 /* GenreChart */,
			);
			path = Add;
			sourceTree = "<group>";
		};
		4812D51C2AC3AC6F00E7C6A4 /* Save */ = {
			isa = PBXGroup;
			children = (
				4812D54B2AC41C0700E7C6A4 /* SaveViewController.swift */,
				4812D54D2AC41C0D00E7C6A4 /* SaveViewModel.swift */,
				483790502ACBA595003AC436 /* Protocol_UpdateData.swift */,
				484103902AD6CE09002D56C7 /* Help */,
			);
			path = Save;
			sourceTree = "<group>";
		};
		4812D51D2AC3AC7500E7C6A4 /* Search */ = {
			isa = PBXGroup;
			children = (
				4812D51F2AC3AC9B00E7C6A4 /* SearchViewController.swift */,
				4812D5212AC3ACA000E7C6A4 /* SearchViewModel.swift */,
			);
			path = Search;
			sourceTree = "<group>";
		};
		4812D51E2AC3AC7A00E7C6A4 /* GenreChart */ = {
			isa = PBXGroup;
			children = (
				4837904C2ACBA3B3003AC436 /* ViewModel */,
				4812D5362AC3D43A00E7C6A4 /* GenreTabViewController.swift */,
				4812D5382AC3D61200E7C6A4 /* Genre1ViewController.swift */,
				4812D53A2AC3D61800E7C6A4 /* Genre2ViewController.swift */,
				4812D53C2AC3D61F00E7C6A4 /* Genre3ViewController.swift */,
				4812D53E2AC3D62500E7C6A4 /* Genre4ViewController.swift */,
				4812D5402AC3D62B00E7C6A4 /* Genre5ViewController.swift */,
			);
			path = GenreChart;
			sourceTree = "<group>";
		};
		4812D5252AC3AE7D00E7C6A4 /* Struct */ = {
			isa = PBXGroup;
			children = (
				4812D5262AC3AE8600E7C6A4 /* MusicItem.swift */,
			);
			path = Struct;
			sourceTree = "<group>";
		};
		4812D5282AC3AF3200E7C6A4 /* Observable */ = {
			isa = PBXGroup;
			children = (
				4812D5292AC3AF3900E7C6A4 /* Observable.swift */,
			);
			path = Observable;
			sourceTree = "<group>";
		};
		4812D52B2AC3B94300E7C6A4 /* Cell */ = {
			isa = PBXGroup;
			children = (
				4812D52C2AC3B96000E7C6A4 /* SearchCatalogCell.swift */,
				4812D54F2AC43ED400E7C6A4 /* SaveCatalogCell.swift */,
				488935592AD68ECA00E4B0B0 /* GenreCatalogCell.swift */,
				4837903E2ACA4C86003AC436 /* CalendarCell.swift */,
				4837907D2ACD27FC003AC436 /* MonthCalendarCatalogCell.swift */,
				4837908D2ACD6098003AC436 /* MonthScrollCatalogCell.swift */,
				483790A62ACFEFAC003AC436 /* PieChartSideCollectionViewCell.swift */,
				483790AF2AD117B2003AC436 /* BarChartSideCollectionViewCell.swift */,
				48C7E2F52AD295CA00879D36 /* MainPagerViewCell.swift */,
				48BA312F2AD4D7F50048AD05 /* RecordDateCollectionViewCell.swift */,
			);
			path = Cell;
			sourceTree = "<group>";
		};
		4812D52E2AC3BBA700E7C6A4 /* Base */ = {
			isa = PBXGroup;
			children = (
				4812D52F2AC3BBB200E7C6A4 /* BaseViewController.swift */,
				4812D5312AC3BBB900E7C6A4 /* BaseCollectionViewCell.swift */,
				483790832ACD3B7E003AC436 /* BaseView.swift */,
			);
			path = Base;
			sourceTree = "<group>";
		};
		4812D5422AC3D73900E7C6A4 /* GenreModel */ = {
			isa = PBXGroup;
			children = (
				4812D5432AC3D74500E7C6A4 /* GenreDataModel.swift */,
			);
			path = GenreModel;
			sourceTree = "<group>";
		};
		4837903B2ACA4C04003AC436 /* Home */ = {
			isa = PBXGroup;
			children = (
				483790532ACBDD45003AC436 /* HomeTabViewController.swift */,
				48CD19102AD282B2000BF7F3 /* Pager */,
				483790522ACBDD39003AC436 /* Calendar */,
				483790A12ACFAB32003AC436 /* Chart */,
				48BA31312AD515AD0048AD05 /* Setting */,
			);
			path = Home;
			sourceTree = "<group>";
		};
		483790442ACA903E003AC436 /* Extension */ = {
			isa = PBXGroup;
			children = (
				483790452ACA9046003AC436 /* UIColor+Extension.swift */,
				4837904A2ACBA208003AC436 /* UIView+Extension.swift */,
				483790932ACEA51B003AC436 /* String+Extension.swift */,
				483790952ACEA58F003AC436 /* Date+Extension.swift */,
				488935572AD66D7800E4B0B0 /* UIViewController+Extension.swift */,
				489970412AD8258400A06A5C /* UIImage+Extension.swift */,
				489970432AD8310E00A06A5C /* CALayer+Extension.swift */,
			);
			path = Extension;
			sourceTree = "<group>";
		};
		483790472ACA9089003AC436 /* Constant */ = {
			isa = PBXGroup;
			children = (
				483790482ACA9090003AC436 /* Constant.swift */,
			);
			path = Constant;
			sourceTree = "<group>";
		};
		4837904C2ACBA3B3003AC436 /* ViewModel */ = {
			isa = PBXGroup;
			children = (
				4837904D2ACBA3BC003AC436 /* Genre1ViewModel.swift */,
			);
			path = ViewModel;
			sourceTree = "<group>";
		};
		483790522ACBDD39003AC436 /* Calendar */ = {
			isa = PBXGroup;
			children = (
				483790972ACEDD82003AC436 /* MonthCalendar */,
				4837908F2ACD8538003AC436 /* MonthScroll */,
			);
			path = Calendar;
			sourceTree = "<group>";
		};
		4837908F2ACD8538003AC436 /* MonthScroll */ = {
			isa = PBXGroup;
			children = (
				4837908B2ACD535D003AC436 /* MonthScrollView.swift */,
				483790892ACD52B8003AC436 /* MonthScrollViewController.swift */,
				483790982ACEDDCB003AC436 /* MonthScrollViewModel.swift */,
			);
			path = MonthScroll;
			sourceTree = "<group>";
		};
		483790902ACEA484003AC436 /* Enum */ = {
			isa = PBXGroup;
			children = (
				483790912ACEA490003AC436 /* DateFormatType+Enum.swift */,
				4889355B2AD6939000E4B0B0 /* Genre+Enum.swift */,
			);
			path = Enum;
			sourceTree = "<group>";
		};
		483790972ACEDD82003AC436 /* MonthCalendar */ = {
			isa = PBXGroup;
			children = (
				4837903C2ACA4C20003AC436 /* MonthCalendarViewController.swift */,
				483790812ACD3B40003AC436 /* MonthCalendarView.swift */,
				483790402ACA7873003AC436 /* MonthCalendarViewModel.swift */,
			);
			path = MonthCalendar;
			sourceTree = "<group>";
		};
		483790A12ACFAB32003AC436 /* Chart */ = {
			isa = PBXGroup;
			children = (
				483790B32AD174BC003AC436 /* ChartTabViewController.swift */,
				483790A22ACFAB43003AC436 /* MonthChartViewController.swift */,
				483790B52AD174CA003AC436 /* WeekChartViewController.swift */,
				483790AA2AD0D850003AC436 /* ChartView */,
			);
			path = Chart;
			sourceTree = "<group>";
		};
		483790AA2AD0D850003AC436 /* ChartView */ = {
			isa = PBXGroup;
			children = (
				483790A42ACFDB32003AC436 /* CustomPieChartView.swift */,
				483790AB2AD0D862003AC436 /* CustomBarChartView.swift */,
				483790AD2AD0E5A2003AC436 /* CustomBarChartViewWithExplanation.swift */,
				483790B12AD137AD003AC436 /* CustomTitleView.swift */,
			);
			path = ChartView;
			sourceTree = "<group>";
		};
		4841038B2AD6BE34002D56C7 /* Genre */ = {
			isa = PBXGroup;
			children = (
				4841038C2AD6BE3D002D56C7 /* GenreViewController.swift */,
				4841038E2AD6BF16002D56C7 /* GenreViewModel.swift */,
			);
			path = Genre;
			sourceTree = "<group>";
		};
		484103902AD6CE09002D56C7 /* Help */ = {
			isa = PBXGroup;
			children = (
				484103912AD6CE21002D56C7 /* HelpPageViewController.swift */,
				484103932AD6CE9B002D56C7 /* HelpAlertViewController.swift */,
				48DC50F72ADB6AF500705D4F /* HelpAlertView.swift */,
			);
			path = Help;
			sourceTree = "<group>";
		};
		48A0A0E32AC548C3008DC198 /* Realm */ = {
			isa = PBXGroup;
			children = (
				48A0A0E42AC548CB008DC198 /* RealmModel.swift */,
				48A0A0E62AC548E1008DC198 /* MusicItemTableRepository.swift */,
				483790422ACA7AEE003AC436 /* DayItemTableRepository.swift */,
				4837909F2ACFAAFE003AC436 /* ChartDataRepository.swift */,
				48DAF68F2AD2D25600932539 /* PagerViewDataRepository.swift */,
			);
			path = Realm;
			sourceTree = "<group>";
		};
		48BA312C2AD4D2870048AD05 /* RecordDate */ = {
			isa = PBXGroup;
			children = (
				48BA312A2AD3ED040048AD05 /* RecordDateViewController.swift */,
				48BA312D2AD4D2A60048AD05 /* RecordDateViewModel.swift */,
			);
			path = RecordDate;
			sourceTree = "<group>";
		};
		48BA31312AD515AD0048AD05 /* Setting */ = {
			isa = PBXGroup;
			children = (
				48BA31322AD515E40048AD05 /* MainSettingViewController.swift */,
				48BA31342AD518C70048AD05 /* Notification */,
			);
			path = Setting;
			sourceTree = "<group>";
		};
		48BA31342AD518C70048AD05 /* Notification */ = {
			isa = PBXGroup;
			children = (
				48DC50F22ADA811200705D4F /* View */,
				48BA31372AD518E30048AD05 /* NotificationSettingViewController.swift */,
				488935552AD666E000E4B0B0 /* NotificationRepository.swift */,
			);
			path = Notification;
			sourceTree = "<group>";
		};
		48CD19102AD282B2000BF7F3 /* Pager */ = {
			isa = PBXGroup;
			children = (
				48CD19112AD282DE000BF7F3 /* PagerViewController.swift */,
				48DAF68D2AD2D22200932539 /* PagerViewModel.swift */,
				48BA312C2AD4D2870048AD05 /* RecordDate */,
			);
			path = Pager;
			sourceTree = "<group>";
		};
		48DC50F22ADA811200705D4F /* View */ = {
			isa = PBXGroup;
			children = (
				48DC50F32ADA812100705D4F /* NotificationTimeView.swift */,
				48DC50F52ADA812B00705D4F /* NotificationSettingListView.swift */,
			);
			path = View;
			sourceTree = "<group>";
		};
		99F964DB2FEB2A606827D0F7 /* Pods */ = {
			isa = PBXGroup;
			children = (
				F4D8442AED55653543FCE550 /* Pods-MyMusicDiary.debug.xcconfig */,
				8D293728EF7C31CA6E7B21C9 /* Pods-MyMusicDiary.release.xcconfig */,
			);
			path = Pods;
			sourceTree = "<group>";
		};
		D6CABB9C611E83054CBF627F /* Frameworks */ = {
			isa = PBXGroup;
			children = (
				341F314FA86A76EFB2377A55 /* Pods_MyMusicDiary.framework */,
			);
			name = Frameworks;
			sourceTree = "<group>";
		};
/* End PBXGroup section */

/* Begin PBXNativeTarget section */
		4812D4F52AC3A9ED00E7C6A4 /* MyMusicDiary */ = {
			isa = PBXNativeTarget;
			buildConfigurationList = 4812D50A2AC3A9EE00E7C6A4 /* Build configuration list for PBXNativeTarget "MyMusicDiary" */;
			buildPhases = (
				540691EB3C3A048E2B4003FA /* [CP] Check Pods Manifest.lock */,
				4812D4F22AC3A9ED00E7C6A4 /* Sources */,
				4812D4F32AC3A9ED00E7C6A4 /* Frameworks */,
				4812D4F42AC3A9ED00E7C6A4 /* Resources */,
				4CF7B1A1CCC17F47FBDAB01E /* [CP] Embed Pods Frameworks */,
				48DC51002ADBBCE800705D4F /* ShellScript */,
			);
			buildRules = (
			);
			dependencies = (
			);
			name = MyMusicDiary;
			packageProductDependencies = (
				4812D50E2AC3AAE600E7C6A4 /* Kingfisher */,
				4812D5112AC3AAF200E7C6A4 /* SnapKit */,
				4812D5142AC3AB1000E7C6A4 /* FSCalendar */,
				4812D5172AC3AB2400E7C6A4 /* DGCharts */,
				4812D5342AC3D42200E7C6A4 /* Tabman */,
				48A0A0DF2AC54896008DC198 /* Realm */,
				48A0A0E12AC54896008DC198 /* RealmSwift */,
				48DC50FC2ADBBC3300705D4F /* FirebaseAnalyticsWithoutAdIdSupport */,
				48DC50FE2ADBBC3300705D4F /* FirebaseCrashlytics */,
			);
			productName = MyMusicDiary;
			productReference = 4812D4F62AC3A9ED00E7C6A4 /* MyMusicDiary.app */;
			productType = "com.apple.product-type.application";
		};
/* End PBXNativeTarget section */

/* Begin PBXProject section */
		4812D4EE2AC3A9ED00E7C6A4 /* Project object */ = {
			isa = PBXProject;
			attributes = {
				BuildIndependentTargetsInParallel = 1;
				LastSwiftUpdateCheck = 1430;
				LastUpgradeCheck = 1430;
				TargetAttributes = {
					4812D4F52AC3A9ED00E7C6A4 = {
						CreatedOnToolsVersion = 14.3.1;
					};
				};
			};
			buildConfigurationList = 4812D4F12AC3A9ED00E7C6A4 /* Build configuration list for PBXProject "MyMusicDiary" */;
			compatibilityVersion = "Xcode 14.0";
			developmentRegion = ko;
			hasScannedForEncodings = 0;
			knownRegions = (
				en,
				Base,
				ko,
			);
			mainGroup = 4812D4ED2AC3A9ED00E7C6A4;
			packageReferences = (
				4812D50D2AC3AAE600E7C6A4 /* XCRemoteSwiftPackageReference "Kingfisher" */,
				4812D5102AC3AAF200E7C6A4 /* XCRemoteSwiftPackageReference "SnapKit" */,
				4812D5132AC3AB1000E7C6A4 /* XCRemoteSwiftPackageReference "FSCalendar" */,
				4812D5162AC3AB2400E7C6A4 /* XCRemoteSwiftPackageReference "Charts" */,
				4812D5332AC3D42200E7C6A4 /* XCRemoteSwiftPackageReference "Tabman" */,
				48A0A0DE2AC54896008DC198 /* XCRemoteSwiftPackageReference "realm-swift" */,
				48DC50FB2ADBBC3300705D4F /* XCRemoteSwiftPackageReference "firebase-ios-sdk" */,
			);
			productRefGroup = 4812D4F72AC3A9ED00E7C6A4 /* Products */;
			projectDirPath = "";
			projectRoot = "";
			targets = (
				4812D4F52AC3A9ED00E7C6A4 /* MyMusicDiary */,
			);
		};
/* End PBXProject section */

/* Begin PBXResourcesBuildPhase section */
		4812D4F42AC3A9ED00E7C6A4 /* Resources */ = {
			isa = PBXResourcesBuildPhase;
			buildActionMask = 2147483647;
			files = (
				4812D5062AC3A9EE00E7C6A4 /* LaunchScreen.storyboard in Resources */,
				4812D5032AC3A9EE00E7C6A4 /* Assets.xcassets in Resources */,
				48DC50FA2ADBBAE900705D4F /* GoogleService-Info.plist in Resources */,
			);
			runOnlyForDeploymentPostprocessing = 0;
		};
/* End PBXResourcesBuildPhase section */

/* Begin PBXShellScriptBuildPhase section */
		48DC51002ADBBCE800705D4F /* ShellScript */ = {
			isa = PBXShellScriptBuildPhase;
			buildActionMask = 2147483647;
			files = (
			);
			inputFileListPaths = (
			);
			inputPaths = (
				"${DWARF_DSYM_FOLDER_PATH}/${DWARF_DSYM_FILE_NAME}",
				"${DWARF_DSYM_FOLDER_PATH}/${DWARF_DSYM_FILE_NAME}/Contents/Resources/DWARF/${PRODUCT_NAME}",
				"${DWARF_DSYM_FOLDER_PATH}/${DWARF_DSYM_FILE_NAME}/Contents/Info.plist",
				"$(TARGET_BUILD_DIR)/$(UNLOCALIZED_RESOURCES_FOLDER_PATH)/GoogleService-Info.plist",
				"$(TARGET_BUILD_DIR)/$(EXECUTABLE_PATH)",
			);
			outputFileListPaths = (
			);
			outputPaths = (
			);
			runOnlyForDeploymentPostprocessing = 0;
			shellPath = /bin/sh;
			shellScript = "# Type a script or drag a script file from your workspace to insert its path.\n\"${BUILD_DIR%/Build/*}/SourcePackages/checkouts/firebase-ios-sdk/Crashlytics/run\"\n";
		};
		4CF7B1A1CCC17F47FBDAB01E /* [CP] Embed Pods Frameworks */ = {
			isa = PBXShellScriptBuildPhase;
			buildActionMask = 2147483647;
			files = (
			);
			inputFileListPaths = (
				"${PODS_ROOT}/Target Support Files/Pods-MyMusicDiary/Pods-MyMusicDiary-frameworks-${CONFIGURATION}-input-files.xcfilelist",
			);
			name = "[CP] Embed Pods Frameworks";
			outputFileListPaths = (
				"${PODS_ROOT}/Target Support Files/Pods-MyMusicDiary/Pods-MyMusicDiary-frameworks-${CONFIGURATION}-output-files.xcfilelist",
			);
			runOnlyForDeploymentPostprocessing = 0;
			shellPath = /bin/sh;
			shellScript = "\"${PODS_ROOT}/Target Support Files/Pods-MyMusicDiary/Pods-MyMusicDiary-frameworks.sh\"\n";
			showEnvVarsInLog = 0;
		};
		540691EB3C3A048E2B4003FA /* [CP] Check Pods Manifest.lock */ = {
			isa = PBXShellScriptBuildPhase;
			buildActionMask = 2147483647;
			files = (
			);
			inputFileListPaths = (
			);
			inputPaths = (
				"${PODS_PODFILE_DIR_PATH}/Podfile.lock",
				"${PODS_ROOT}/Manifest.lock",
			);
			name = "[CP] Check Pods Manifest.lock";
			outputFileListPaths = (
			);
			outputPaths = (
				"$(DERIVED_FILE_DIR)/Pods-MyMusicDiary-checkManifestLockResult.txt",
			);
			runOnlyForDeploymentPostprocessing = 0;
			shellPath = /bin/sh;
			shellScript = "diff \"${PODS_PODFILE_DIR_PATH}/Podfile.lock\" \"${PODS_ROOT}/Manifest.lock\" > /dev/null\nif [ $? != 0 ] ; then\n    # print error to STDERR\n    echo \"error: The sandbox is not in sync with the Podfile.lock. Run 'pod install' or update your CocoaPods installation.\" >&2\n    exit 1\nfi\n# This output is used by Xcode 'outputs' to avoid re-running this script phase.\necho \"SUCCESS\" > \"${SCRIPT_OUTPUT_FILE_0}\"\n";
			showEnvVarsInLog = 0;
		};
/* End PBXShellScriptBuildPhase section */

/* Begin PBXSourcesBuildPhase section */
		4812D4F22AC3A9ED00E7C6A4 /* Sources */ = {
			isa = PBXSourcesBuildPhase;
			buildActionMask = 2147483647;
			files = (
				488935582AD66D7800E4B0B0 /* UIViewController+Extension.swift in Sources */,
				483790A02ACFAAFE003AC436 /* ChartDataRepository.swift in Sources */,
				48BA31302AD4D7F50048AD05 /* RecordDateCollectionViewCell.swift in Sources */,
				48A0A0E72AC548E1008DC198 /* MusicItemTableRepository.swift in Sources */,
				483790462ACA9046003AC436 /* UIColor+Extension.swift in Sources */,
				483790512ACBA595003AC436 /* Protocol_UpdateData.swift in Sources */,
				483790822ACD3B40003AC436 /* MonthCalendarView.swift in Sources */,
				4812D5372AC3D43A00E7C6A4 /* GenreTabViewController.swift in Sources */,
				4812D54C2AC41C0700E7C6A4 /* SaveViewController.swift in Sources */,
				4812D53B2AC3D61800E7C6A4 /* Genre2ViewController.swift in Sources */,
				483790B22AD137AD003AC436 /* CustomTitleView.swift in Sources */,
				4837908E2ACD6098003AC436 /* MonthScrollCatalogCell.swift in Sources */,
				483790942ACEA51B003AC436 /* String+Extension.swift in Sources */,
				4837908C2ACD535D003AC436 /* MonthScrollView.swift in Sources */,
				4837903F2ACA4C86003AC436 /* CalendarCell.swift in Sources */,
				48A0A0E52AC548CB008DC198 /* RealmModel.swift in Sources */,
				4841038D2AD6BE3D002D56C7 /* GenreViewController.swift in Sources */,
				4812D52A2AC3AF3900E7C6A4 /* Observable.swift in Sources */,
				483790AE2AD0E5A2003AC436 /* CustomBarChartViewWithExplanation.swift in Sources */,
				483790B62AD174CA003AC436 /* WeekChartViewController.swift in Sources */,
				48BA31382AD518E30048AD05 /* NotificationSettingViewController.swift in Sources */,
				483790A32ACFAB43003AC436 /* MonthChartViewController.swift in Sources */,
				4812D5442AC3D74500E7C6A4 /* GenreDataModel.swift in Sources */,
				4812D53D2AC3D61F00E7C6A4 /* Genre3ViewController.swift in Sources */,
				4837904B2ACBA208003AC436 /* UIView+Extension.swift in Sources */,
				483790492ACA9090003AC436 /* Constant.swift in Sources */,
				4812D5392AC3D61200E7C6A4 /* Genre1ViewController.swift in Sources */,
				483790842ACD3B7E003AC436 /* BaseView.swift in Sources */,
				4837904E2ACBA3BC003AC436 /* Genre1ViewModel.swift in Sources */,
				4837903D2ACA4C20003AC436 /* MonthCalendarViewController.swift in Sources */,
				4889355A2AD68ECA00E4B0B0 /* GenreCatalogCell.swift in Sources */,
				483790432ACA7AEE003AC436 /* DayItemTableRepository.swift in Sources */,
				4812D5502AC43ED400E7C6A4 /* SaveCatalogCell.swift in Sources */,
				4812D5412AC3D62B00E7C6A4 /* Genre5ViewController.swift in Sources */,
				48DAF6902AD2D25600932539 /* PagerViewDataRepository.swift in Sources */,
				4812D4FE2AC3A9ED00E7C6A4 /* ViewController.swift in Sources */,
				48CD19122AD282DE000BF7F3 /* PagerViewController.swift in Sources */,
				4812D5222AC3ACA000E7C6A4 /* SearchViewModel.swift in Sources */,
				48DC50F42ADA812100705D4F /* NotificationTimeView.swift in Sources */,
				48BA31332AD515E40048AD05 /* MainSettingViewController.swift in Sources */,
				4812D5272AC3AE8600E7C6A4 /* MusicItem.swift in Sources */,
				483790412ACA7873003AC436 /* MonthCalendarViewModel.swift in Sources */,
				4837908A2ACD52B8003AC436 /* MonthScrollViewController.swift in Sources */,
				4812D5322AC3BBB900E7C6A4 /* BaseCollectionViewCell.swift in Sources */,
				489970442AD8310E00A06A5C /* CALayer+Extension.swift in Sources */,
				483790AC2AD0D862003AC436 /* CustomBarChartView.swift in Sources */,
				484103922AD6CE21002D56C7 /* HelpPageViewController.swift in Sources */,
				4837907E2ACD27FC003AC436 /* MonthCalendarCatalogCell.swift in Sources */,
				484103942AD6CE9B002D56C7 /* HelpAlertViewController.swift in Sources */,
				483790962ACEA58F003AC436 /* Date+Extension.swift in Sources */,
				483790A72ACFEFAC003AC436 /* PieChartSideCollectionViewCell.swift in Sources */,
				4812D53F2AC3D62500E7C6A4 /* Genre4ViewController.swift in Sources */,
				483790A52ACFDB32003AC436 /* CustomPieChartView.swift in Sources */,
				4812D4FA2AC3A9ED00E7C6A4 /* AppDelegate.swift in Sources */,
				48C7E2F62AD295CA00879D36 /* MainPagerViewCell.swift in Sources */,
				483790B02AD117B2003AC436 /* BarChartSideCollectionViewCell.swift in Sources */,
				48DC50F82ADB6AF500705D4F /* HelpAlertView.swift in Sources */,
				483790922ACEA490003AC436 /* DateFormatType+Enum.swift in Sources */,
				483790B42AD174BC003AC436 /* ChartTabViewController.swift in Sources */,
				4812D5302AC3BBB200E7C6A4 /* BaseViewController.swift in Sources */,
				489970422AD8258500A06A5C /* UIImage+Extension.swift in Sources */,
				48BA312B2AD3ED040048AD05 /* RecordDateViewController.swift in Sources */,
				4812D5202AC3AC9B00E7C6A4 /* SearchViewController.swift in Sources */,
				4812D52D2AC3B96000E7C6A4 /* SearchCatalogCell.swift in Sources */,
				4889355C2AD6939000E4B0B0 /* Genre+Enum.swift in Sources */,
				48DAF68E2AD2D22200932539 /* PagerViewModel.swift in Sources */,
				483790542ACBDD45003AC436 /* HomeTabViewController.swift in Sources */,
				4812D54E2AC41C0D00E7C6A4 /* SaveViewModel.swift in Sources */,
				488935562AD666E000E4B0B0 /* NotificationRepository.swift in Sources */,
				483790992ACEDDCB003AC436 /* MonthScrollViewModel.swift in Sources */,
				48DC50F62ADA812B00705D4F /* NotificationSettingListView.swift in Sources */,
				4841038F2AD6BF16002D56C7 /* GenreViewModel.swift in Sources */,
				48BA312E2AD4D2A60048AD05 /* RecordDateViewModel.swift in Sources */,
				4812D4FC2AC3A9ED00E7C6A4 /* SceneDelegate.swift in Sources */,
			);
			runOnlyForDeploymentPostprocessing = 0;
		};
/* End PBXSourcesBuildPhase section */

/* Begin PBXVariantGroup section */
		4812D5042AC3A9EE00E7C6A4 /* LaunchScreen.storyboard */ = {
			isa = PBXVariantGroup;
			children = (
				4812D5052AC3A9EE00E7C6A4 /* Base */,
				4812D5452AC4055E00E7C6A4 /* ko */,
			);
			name = LaunchScreen.storyboard;
			sourceTree = "<group>";
		};
/* End PBXVariantGroup section */

/* Begin XCBuildConfiguration section */
		4812D5082AC3A9EE00E7C6A4 /* Debug */ = {
			isa = XCBuildConfiguration;
			buildSettings = {
				ALWAYS_SEARCH_USER_PATHS = NO;
				CLANG_ANALYZER_LOCALIZABILITY_NONLOCALIZED = YES;
				CLANG_ANALYZER_NONNULL = YES;
				CLANG_ANALYZER_NUMBER_OBJECT_CONVERSION = YES_AGGRESSIVE;
				CLANG_CXX_LANGUAGE_STANDARD = "gnu++20";
				CLANG_ENABLE_MODULES = YES;
				CLANG_ENABLE_OBJC_ARC = YES;
				CLANG_ENABLE_OBJC_WEAK = YES;
				CLANG_WARN_BLOCK_CAPTURE_AUTORELEASING = YES;
				CLANG_WARN_BOOL_CONVERSION = YES;
				CLANG_WARN_COMMA = YES;
				CLANG_WARN_CONSTANT_CONVERSION = YES;
				CLANG_WARN_DEPRECATED_OBJC_IMPLEMENTATIONS = YES;
				CLANG_WARN_DIRECT_OBJC_ISA_USAGE = YES_ERROR;
				CLANG_WARN_DOCUMENTATION_COMMENTS = YES;
				CLANG_WARN_EMPTY_BODY = YES;
				CLANG_WARN_ENUM_CONVERSION = YES;
				CLANG_WARN_INFINITE_RECURSION = YES;
				CLANG_WARN_INT_CONVERSION = YES;
				CLANG_WARN_NON_LITERAL_NULL_CONVERSION = YES;
				CLANG_WARN_OBJC_IMPLICIT_RETAIN_SELF = YES;
				CLANG_WARN_OBJC_LITERAL_CONVERSION = YES;
				CLANG_WARN_OBJC_ROOT_CLASS = YES_ERROR;
				CLANG_WARN_QUOTED_INCLUDE_IN_FRAMEWORK_HEADER = YES;
				CLANG_WARN_RANGE_LOOP_ANALYSIS = YES;
				CLANG_WARN_STRICT_PROTOTYPES = YES;
				CLANG_WARN_SUSPICIOUS_MOVE = YES;
				CLANG_WARN_UNGUARDED_AVAILABILITY = YES_AGGRESSIVE;
				CLANG_WARN_UNREACHABLE_CODE = YES;
				CLANG_WARN__DUPLICATE_METHOD_MATCH = YES;
				COPY_PHASE_STRIP = NO;
				DEBUG_INFORMATION_FORMAT = "dwarf-with-dsym";
				ENABLE_STRICT_OBJC_MSGSEND = YES;
				ENABLE_TESTABILITY = YES;
				GCC_C_LANGUAGE_STANDARD = gnu11;
				GCC_DYNAMIC_NO_PIC = NO;
				GCC_NO_COMMON_BLOCKS = YES;
				GCC_OPTIMIZATION_LEVEL = 0;
				GCC_PREPROCESSOR_DEFINITIONS = (
					"DEBUG=1",
					"$(inherited)",
				);
				GCC_WARN_64_TO_32_BIT_CONVERSION = YES;
				GCC_WARN_ABOUT_RETURN_TYPE = YES_ERROR;
				GCC_WARN_UNDECLARED_SELECTOR = YES;
				GCC_WARN_UNINITIALIZED_AUTOS = YES_AGGRESSIVE;
				GCC_WARN_UNUSED_FUNCTION = YES;
				GCC_WARN_UNUSED_VARIABLE = YES;
				IPHONEOS_DEPLOYMENT_TARGET = 16.0;
				MTL_ENABLE_DEBUG_INFO = INCLUDE_SOURCE;
				MTL_FAST_MATH = YES;
				ONLY_ACTIVE_ARCH = YES;
				SDKROOT = iphoneos;
				SWIFT_ACTIVE_COMPILATION_CONDITIONS = DEBUG;
				SWIFT_OPTIMIZATION_LEVEL = "-Onone";
			};
			name = Debug;
		};
		4812D5092AC3A9EE00E7C6A4 /* Release */ = {
			isa = XCBuildConfiguration;
			buildSettings = {
				ALWAYS_SEARCH_USER_PATHS = NO;
				CLANG_ANALYZER_LOCALIZABILITY_NONLOCALIZED = YES;
				CLANG_ANALYZER_NONNULL = YES;
				CLANG_ANALYZER_NUMBER_OBJECT_CONVERSION = YES_AGGRESSIVE;
				CLANG_CXX_LANGUAGE_STANDARD = "gnu++20";
				CLANG_ENABLE_MODULES = YES;
				CLANG_ENABLE_OBJC_ARC = YES;
				CLANG_ENABLE_OBJC_WEAK = YES;
				CLANG_WARN_BLOCK_CAPTURE_AUTORELEASING = YES;
				CLANG_WARN_BOOL_CONVERSION = YES;
				CLANG_WARN_COMMA = YES;
				CLANG_WARN_CONSTANT_CONVERSION = YES;
				CLANG_WARN_DEPRECATED_OBJC_IMPLEMENTATIONS = YES;
				CLANG_WARN_DIRECT_OBJC_ISA_USAGE = YES_ERROR;
				CLANG_WARN_DOCUMENTATION_COMMENTS = YES;
				CLANG_WARN_EMPTY_BODY = YES;
				CLANG_WARN_ENUM_CONVERSION = YES;
				CLANG_WARN_INFINITE_RECURSION = YES;
				CLANG_WARN_INT_CONVERSION = YES;
				CLANG_WARN_NON_LITERAL_NULL_CONVERSION = YES;
				CLANG_WARN_OBJC_IMPLICIT_RETAIN_SELF = YES;
				CLANG_WARN_OBJC_LITERAL_CONVERSION = YES;
				CLANG_WARN_OBJC_ROOT_CLASS = YES_ERROR;
				CLANG_WARN_QUOTED_INCLUDE_IN_FRAMEWORK_HEADER = YES;
				CLANG_WARN_RANGE_LOOP_ANALYSIS = YES;
				CLANG_WARN_STRICT_PROTOTYPES = YES;
				CLANG_WARN_SUSPICIOUS_MOVE = YES;
				CLANG_WARN_UNGUARDED_AVAILABILITY = YES_AGGRESSIVE;
				CLANG_WARN_UNREACHABLE_CODE = YES;
				CLANG_WARN__DUPLICATE_METHOD_MATCH = YES;
				COPY_PHASE_STRIP = NO;
				DEBUG_INFORMATION_FORMAT = "dwarf-with-dsym";
				ENABLE_NS_ASSERTIONS = NO;
				ENABLE_STRICT_OBJC_MSGSEND = YES;
				GCC_C_LANGUAGE_STANDARD = gnu11;
				GCC_NO_COMMON_BLOCKS = YES;
				GCC_WARN_64_TO_32_BIT_CONVERSION = YES;
				GCC_WARN_ABOUT_RETURN_TYPE = YES_ERROR;
				GCC_WARN_UNDECLARED_SELECTOR = YES;
				GCC_WARN_UNINITIALIZED_AUTOS = YES_AGGRESSIVE;
				GCC_WARN_UNUSED_FUNCTION = YES;
				GCC_WARN_UNUSED_VARIABLE = YES;
				IPHONEOS_DEPLOYMENT_TARGET = 16.0;
				MTL_ENABLE_DEBUG_INFO = NO;
				MTL_FAST_MATH = YES;
				SDKROOT = iphoneos;
				SWIFT_COMPILATION_MODE = wholemodule;
				SWIFT_OPTIMIZATION_LEVEL = "-O";
				VALIDATE_PRODUCT = YES;
			};
			name = Release;
		};
		4812D50B2AC3A9EE00E7C6A4 /* Debug */ = {
			isa = XCBuildConfiguration;
			baseConfigurationReference = F4D8442AED55653543FCE550 /* Pods-MyMusicDiary.debug.xcconfig */;
			buildSettings = {
				ASSETCATALOG_COMPILER_APPICON_NAME = AppIcon;
				ASSETCATALOG_COMPILER_GLOBAL_ACCENT_COLOR_NAME = AccentColor;
				CODE_SIGN_STYLE = Automatic;
				CURRENT_PROJECT_VERSION = 1;
				DEVELOPMENT_TEAM = 2S9WHYP486;
				GENERATE_INFOPLIST_FILE = YES;
				INFOPLIST_FILE = MyMusicDiary/Info.plist;
				INFOPLIST_KEY_CFBundleDisplayName = MULOG;
				INFOPLIST_KEY_NSAppleMusicUsageDescription = "Apple music api를 이용해서 음악 검색을 하기 때문에 접근 권한이 필요합니다. 허용하지 않으면 음악 검색이 불가능합니다";
				INFOPLIST_KEY_UIApplicationSupportsIndirectInputEvents = YES;
				INFOPLIST_KEY_UILaunchStoryboardName = LaunchScreen;
				INFOPLIST_KEY_UISupportedInterfaceOrientations = UIInterfaceOrientationPortrait;
				INFOPLIST_KEY_UISupportedInterfaceOrientations_iPad = "UIInterfaceOrientationLandscapeLeft UIInterfaceOrientationLandscapeRight UIInterfaceOrientationPortrait UIInterfaceOrientationPortraitUpsideDown";
				IPHONEOS_DEPLOYMENT_TARGET = 16.0;
				LD_RUNPATH_SEARCH_PATHS = (
					"$(inherited)",
					"@executable_path/Frameworks",
				);
				MARKETING_VERSION = 1.0;
				PRODUCT_BUNDLE_IDENTIFIER = com.sub.MULOGproject;
				PRODUCT_NAME = "$(TARGET_NAME)";
				SUPPORTED_PLATFORMS = "iphoneos iphonesimulator";
				SUPPORTS_MACCATALYST = NO;
				SUPPORTS_MAC_DESIGNED_FOR_IPHONE_IPAD = NO;
				SWIFT_EMIT_LOC_STRINGS = YES;
				SWIFT_VERSION = 5.0;
				TARGETED_DEVICE_FAMILY = 1;
			};
			name = Debug;
		};
		4812D50C2AC3A9EE00E7C6A4 /* Release */ = {
			isa = XCBuildConfiguration;
			baseConfigurationReference = 8D293728EF7C31CA6E7B21C9 /* Pods-MyMusicDiary.release.xcconfig */;
			buildSettings = {
				ASSETCATALOG_COMPILER_APPICON_NAME = AppIcon;
				ASSETCATALOG_COMPILER_GLOBAL_ACCENT_COLOR_NAME = AccentColor;
				CODE_SIGN_STYLE = Automatic;
				CURRENT_PROJECT_VERSION = 1;
				DEVELOPMENT_TEAM = 2S9WHYP486;
				GENERATE_INFOPLIST_FILE = YES;
				INFOPLIST_FILE = MyMusicDiary/Info.plist;
				INFOPLIST_KEY_CFBundleDisplayName = MULOG;
				INFOPLIST_KEY_NSAppleMusicUsageDescription = "Apple music api를 이용해서 음악 검색을 하기 때문에 접근 권한이 필요합니다. 허용하지 않으면 음악 검색이 불가능합니다";
				INFOPLIST_KEY_UIApplicationSupportsIndirectInputEvents = YES;
				INFOPLIST_KEY_UILaunchStoryboardName = LaunchScreen;
				INFOPLIST_KEY_UISupportedInterfaceOrientations = UIInterfaceOrientationPortrait;
				INFOPLIST_KEY_UISupportedInterfaceOrientations_iPad = "UIInterfaceOrientationLandscapeLeft UIInterfaceOrientationLandscapeRight UIInterfaceOrientationPortrait UIInterfaceOrientationPortraitUpsideDown";
				IPHONEOS_DEPLOYMENT_TARGET = 16.0;
				LD_RUNPATH_SEARCH_PATHS = (
					"$(inherited)",
					"@executable_path/Frameworks",
				);
				MARKETING_VERSION = 1.0;
				PRODUCT_BUNDLE_IDENTIFIER = com.sub.MULOGproject;
				PRODUCT_NAME = "$(TARGET_NAME)";
				SUPPORTED_PLATFORMS = "iphoneos iphonesimulator";
				SUPPORTS_MACCATALYST = NO;
				SUPPORTS_MAC_DESIGNED_FOR_IPHONE_IPAD = NO;
				SWIFT_EMIT_LOC_STRINGS = YES;
				SWIFT_VERSION = 5.0;
				TARGETED_DEVICE_FAMILY = 1;
			};
			name = Release;
		};
/* End XCBuildConfiguration section */

/* Begin XCConfigurationList section */
		4812D4F12AC3A9ED00E7C6A4 /* Build configuration list for PBXProject "MyMusicDiary" */ = {
			isa = XCConfigurationList;
			buildConfigurations = (
				4812D5082AC3A9EE00E7C6A4 /* Debug */,
				4812D5092AC3A9EE00E7C6A4 /* Release */,
			);
			defaultConfigurationIsVisible = 0;
			defaultConfigurationName = Release;
		};
		4812D50A2AC3A9EE00E7C6A4 /* Build configuration list for PBXNativeTarget "MyMusicDiary" */ = {
			isa = XCConfigurationList;
			buildConfigurations = (
				4812D50B2AC3A9EE00E7C6A4 /* Debug */,
				4812D50C2AC3A9EE00E7C6A4 /* Release */,
			);
			defaultConfigurationIsVisible = 0;
			defaultConfigurationName = Release;
		};
/* End XCConfigurationList section */

/* Begin XCRemoteSwiftPackageReference section */
		4812D50D2AC3AAE600E7C6A4 /* XCRemoteSwiftPackageReference "Kingfisher" */ = {
			isa = XCRemoteSwiftPackageReference;
			repositoryURL = "https://github.com/onevcat/Kingfisher";
			requirement = {
				kind = upToNextMajorVersion;
				minimumVersion = 7.0.0;
			};
		};
		4812D5102AC3AAF200E7C6A4 /* XCRemoteSwiftPackageReference "SnapKit" */ = {
			isa = XCRemoteSwiftPackageReference;
			repositoryURL = "https://github.com/SnapKit/SnapKit";
			requirement = {
				kind = upToNextMajorVersion;
				minimumVersion = 5.0.0;
			};
		};
		4812D5132AC3AB1000E7C6A4 /* XCRemoteSwiftPackageReference "FSCalendar" */ = {
			isa = XCRemoteSwiftPackageReference;
			repositoryURL = "https://github.com/WenchaoD/FSCalendar";
			requirement = {
				kind = upToNextMajorVersion;
				minimumVersion = 2.0.0;
			};
		};
		4812D5162AC3AB2400E7C6A4 /* XCRemoteSwiftPackageReference "Charts" */ = {
			isa = XCRemoteSwiftPackageReference;
			repositoryURL = "https://github.com/danielgindi/Charts";
			requirement = {
				kind = upToNextMajorVersion;
				minimumVersion = 5.0.0;
			};
		};
		4812D5332AC3D42200E7C6A4 /* XCRemoteSwiftPackageReference "Tabman" */ = {
			isa = XCRemoteSwiftPackageReference;
			repositoryURL = "https://github.com/uias/Tabman.git";
			requirement = {
				kind = upToNextMajorVersion;
				minimumVersion = 3.0.0;
			};
		};
		48A0A0DE2AC54896008DC198 /* XCRemoteSwiftPackageReference "realm-swift" */ = {
			isa = XCRemoteSwiftPackageReference;
			repositoryURL = "https://github.com/realm/realm-swift.git";
			requirement = {
				branch = master;
				kind = branch;
			};
		};
		48DC50FB2ADBBC3300705D4F /* XCRemoteSwiftPackageReference "firebase-ios-sdk" */ = {
			isa = XCRemoteSwiftPackageReference;
			repositoryURL = "https://github.com/firebase/firebase-ios-sdk";
			requirement = {
				kind = upToNextMajorVersion;
				minimumVersion = 10.0.0;
			};
		};
/* End XCRemoteSwiftPackageReference section */

/* Begin XCSwiftPackageProductDependency section */
		4812D50E2AC3AAE600E7C6A4 /* Kingfisher */ = {
			isa = XCSwiftPackageProductDependency;
			package = 4812D50D2AC3AAE600E7C6A4 /* XCRemoteSwiftPackageReference "Kingfisher" */;
			productName = Kingfisher;
		};
		4812D5112AC3AAF200E7C6A4 /* SnapKit */ = {
			isa = XCSwiftPackageProductDependency;
			package = 4812D5102AC3AAF200E7C6A4 /* XCRemoteSwiftPackageReference "SnapKit" */;
			productName = SnapKit;
		};
		4812D5142AC3AB1000E7C6A4 /* FSCalendar */ = {
			isa = XCSwiftPackageProductDependency;
			package = 4812D5132AC3AB1000E7C6A4 /* XCRemoteSwiftPackageReference "FSCalendar" */;
			productName = FSCalendar;
		};
		4812D5172AC3AB2400E7C6A4 /* DGCharts */ = {
			isa = XCSwiftPackageProductDependency;
			package = 4812D5162AC3AB2400E7C6A4 /* XCRemoteSwiftPackageReference "Charts" */;
			productName = DGCharts;
		};
		4812D5342AC3D42200E7C6A4 /* Tabman */ = {
			isa = XCSwiftPackageProductDependency;
			package = 4812D5332AC3D42200E7C6A4 /* XCRemoteSwiftPackageReference "Tabman" */;
			productName = Tabman;
		};
		48A0A0DF2AC54896008DC198 /* Realm */ = {
			isa = XCSwiftPackageProductDependency;
			package = 48A0A0DE2AC54896008DC198 /* XCRemoteSwiftPackageReference "realm-swift" */;
			productName = Realm;
		};
		48A0A0E12AC54896008DC198 /* RealmSwift */ = {
			isa = XCSwiftPackageProductDependency;
			package = 48A0A0DE2AC54896008DC198 /* XCRemoteSwiftPackageReference "realm-swift" */;
			productName = RealmSwift;
		};
		48DC50FC2ADBBC3300705D4F /* FirebaseAnalyticsWithoutAdIdSupport */ = {
			isa = XCSwiftPackageProductDependency;
			package = 48DC50FB2ADBBC3300705D4F /* XCRemoteSwiftPackageReference "firebase-ios-sdk" */;
			productName = FirebaseAnalyticsWithoutAdIdSupport;
		};
		48DC50FE2ADBBC3300705D4F /* FirebaseCrashlytics */ = {
			isa = XCSwiftPackageProductDependency;
			package = 48DC50FB2ADBBC3300705D4F /* XCRemoteSwiftPackageReference "firebase-ios-sdk" */;
			productName = FirebaseCrashlytics;
		};
/* End XCSwiftPackageProductDependency section */
	};
	rootObject = 4812D4EE2AC3A9ED00E7C6A4 /* Project object */;
}
