// !$*UTF8*$!
{
	archiveVersion = 1;
	classes = {
	};
	objectVersion = 56;
	objects = {

/* Begin PBXBuildFile section */
		4812D4FA2AC3A9ED00E7C6A4 /* AppDelegate.swift in Sources */ = {isa = PBXBuildFile; fileRef = 4812D4F92AC3A9ED00E7C6A4 /* AppDelegate.swift */; };
		4812D4FC2AC3A9ED00E7C6A4 /* SceneDelegate.swift in Sources */ = {isa = PBXBuildFile; fileRef = 4812D4FB2AC3A9ED00E7C6A4 /* SceneDelegate.swift */; };
		4812D4FE2AC3A9ED00E7C6A4 /* ViewController.swift in Sources */ = {isa = PBXBuildFile; fileRef = 4812D4FD2AC3A9ED00E7C6A4 /* ViewController.swift */; };
		4812D5032AC3A9EE00E7C6A4 /* Assets.xcassets in Resources */ = {isa = PBXBuildFile; fileRef = 4812D5022AC3A9EE00E7C6A4 /* Assets.xcassets */; };
		4812D5062AC3A9EE00E7C6A4 /* LaunchScreen.storyboard in Resources */ = {isa = PBXBuildFile; fileRef = 4812D5042AC3A9EE00E7C6A4 /* LaunchScreen.storyboard */; };
		4812D50F2AC3AAE600E7C6A4 /* Kingfisher in Frameworks */ = {isa = PBXBuildFile; productRef = 4812D50E2AC3AAE600E7C6A4 /* Kingfisher */; };
		4812D5122AC3AAF200E7C6A4 /* SnapKit in Frameworks */ = {isa = PBXBuildFile; productRef = 4812D5112AC3AAF200E7C6A4 /* SnapKit */; };
		4812D5152AC3AB1000E7C6A4 /* FSCalendar in Frameworks */ = {isa = PBXBuildFile; productRef = 4812D5142AC3AB1000E7C6A4 /* FSCalendar */; };
		4812D5182AC3AB2400E7C6A4 /* DGCharts in Frameworks */ = {isa = PBXBuildFile; productRef = 4812D5172AC3AB2400E7C6A4 /* DGCharts */; };
		4812D5202AC3AC9B00E7C6A4 /* SearchViewController.swift in Sources */ = {isa = PBXBuildFile; fileRef = 4812D51F2AC3AC9B00E7C6A4 /* SearchViewController.swift */; };
		4812D5222AC3ACA000E7C6A4 /* SearchViewModel.swift in Sources */ = {isa = PBXBuildFile; fileRef = 4812D5212AC3ACA000E7C6A4 /* SearchViewModel.swift */; };
		4812D5242AC3ACED00E7C6A4 /* SearchCatalogAPIManager.swift in Sources */ = {isa = PBXBuildFile; fileRef = 4812D5232AC3ACED00E7C6A4 /* SearchCatalogAPIManager.swift */; };
		4812D5272AC3AE8600E7C6A4 /* MusicItem.swift in Sources */ = {isa = PBXBuildFile; fileRef = 4812D5262AC3AE8600E7C6A4 /* MusicItem.swift */; };
		4812D52A2AC3AF3900E7C6A4 /* Observable.swift in Sources */ = {isa = PBXBuildFile; fileRef = 4812D5292AC3AF3900E7C6A4 /* Observable.swift */; };
		4812D52D2AC3B96000E7C6A4 /* SearchCatalogCell.swift in Sources */ = {isa = PBXBuildFile; fileRef = 4812D52C2AC3B96000E7C6A4 /* SearchCatalogCell.swift */; };
		4812D5302AC3BBB200E7C6A4 /* BaseViewController.swift in Sources */ = {isa = PBXBuildFile; fileRef = 4812D52F2AC3BBB200E7C6A4 /* BaseViewController.swift */; };
		4812D5322AC3BBB900E7C6A4 /* BaseCollectionViewCell.swift in Sources */ = {isa = PBXBuildFile; fileRef = 4812D5312AC3BBB900E7C6A4 /* BaseCollectionViewCell.swift */; };
		4812D5352AC3D42200E7C6A4 /* Tabman in Frameworks */ = {isa = PBXBuildFile; productRef = 4812D5342AC3D42200E7C6A4 /* Tabman */; };
		4812D5372AC3D43A00E7C6A4 /* TabViewController.swift in Sources */ = {isa = PBXBuildFile; fileRef = 4812D5362AC3D43A00E7C6A4 /* TabViewController.swift */; };
		4812D5392AC3D61200E7C6A4 /* Genre1ViewController.swift in Sources */ = {isa = PBXBuildFile; fileRef = 4812D5382AC3D61200E7C6A4 /* Genre1ViewController.swift */; };
		4812D53B2AC3D61800E7C6A4 /* Genre2ViewController.swift in Sources */ = {isa = PBXBuildFile; fileRef = 4812D53A2AC3D61800E7C6A4 /* Genre2ViewController.swift */; };
		4812D53D2AC3D61F00E7C6A4 /* Genre3ViewController.swift in Sources */ = {isa = PBXBuildFile; fileRef = 4812D53C2AC3D61F00E7C6A4 /* Genre3ViewController.swift */; };
		4812D53F2AC3D62500E7C6A4 /* Genre4ViewController.swift in Sources */ = {isa = PBXBuildFile; fileRef = 4812D53E2AC3D62500E7C6A4 /* Genre4ViewController.swift */; };
		4812D5412AC3D62B00E7C6A4 /* Genre5ViewController.swift in Sources */ = {isa = PBXBuildFile; fileRef = 4812D5402AC3D62B00E7C6A4 /* Genre5ViewController.swift */; };
		4812D5442AC3D74500E7C6A4 /* GenreDataModel.swift in Sources */ = {isa = PBXBuildFile; fileRef = 4812D5432AC3D74500E7C6A4 /* GenreDataModel.swift */; };
		4812D54C2AC41C0700E7C6A4 /* SaveViewController.swift in Sources */ = {isa = PBXBuildFile; fileRef = 4812D54B2AC41C0700E7C6A4 /* SaveViewController.swift */; };
		4812D54E2AC41C0D00E7C6A4 /* SaveViewModel.swift in Sources */ = {isa = PBXBuildFile; fileRef = 4812D54D2AC41C0D00E7C6A4 /* SaveViewModel.swift */; };
		4812D5502AC43ED400E7C6A4 /* SaveCatalogCell.swift in Sources */ = {isa = PBXBuildFile; fileRef = 4812D54F2AC43ED400E7C6A4 /* SaveCatalogCell.swift */; };
/* End PBXBuildFile section */

/* Begin PBXFileReference section */
		4812D4F62AC3A9ED00E7C6A4 /* MyMusicDiary.app */ = {isa = PBXFileReference; explicitFileType = wrapper.application; includeInIndex = 0; path = MyMusicDiary.app; sourceTree = BUILT_PRODUCTS_DIR; };
		4812D4F92AC3A9ED00E7C6A4 /* AppDelegate.swift */ = {isa = PBXFileReference; lastKnownFileType = sourcecode.swift; path = AppDelegate.swift; sourceTree = "<group>"; };
		4812D4FB2AC3A9ED00E7C6A4 /* SceneDelegate.swift */ = {isa = PBXFileReference; lastKnownFileType = sourcecode.swift; path = SceneDelegate.swift; sourceTree = "<group>"; };
		4812D4FD2AC3A9ED00E7C6A4 /* ViewController.swift */ = {isa = PBXFileReference; lastKnownFileType = sourcecode.swift; path = ViewController.swift; sourceTree = "<group>"; };
		4812D5022AC3A9EE00E7C6A4 /* Assets.xcassets */ = {isa = PBXFileReference; lastKnownFileType = folder.assetcatalog; path = Assets.xcassets; sourceTree = "<group>"; };
		4812D5052AC3A9EE00E7C6A4 /* Base */ = {isa = PBXFileReference; lastKnownFileType = file.storyboard; name = Base; path = Base.lproj/LaunchScreen.storyboard; sourceTree = "<group>"; };
		4812D5072AC3A9EE00E7C6A4 /* Info.plist */ = {isa = PBXFileReference; lastKnownFileType = text.plist.xml; path = Info.plist; sourceTree = "<group>"; };
		4812D51F2AC3AC9B00E7C6A4 /* SearchViewController.swift */ = {isa = PBXFileReference; lastKnownFileType = sourcecode.swift; path = SearchViewController.swift; sourceTree = "<group>"; };
		4812D5212AC3ACA000E7C6A4 /* SearchViewModel.swift */ = {isa = PBXFileReference; lastKnownFileType = sourcecode.swift; path = SearchViewModel.swift; sourceTree = "<group>"; };
		4812D5232AC3ACED00E7C6A4 /* SearchCatalogAPIManager.swift */ = {isa = PBXFileReference; lastKnownFileType = sourcecode.swift; path = SearchCatalogAPIManager.swift; sourceTree = "<group>"; };
		4812D5262AC3AE8600E7C6A4 /* MusicItem.swift */ = {isa = PBXFileReference; lastKnownFileType = sourcecode.swift; path = MusicItem.swift; sourceTree = "<group>"; };
		4812D5292AC3AF3900E7C6A4 /* Observable.swift */ = {isa = PBXFileReference; lastKnownFileType = sourcecode.swift; path = Observable.swift; sourceTree = "<group>"; };
		4812D52C2AC3B96000E7C6A4 /* SearchCatalogCell.swift */ = {isa = PBXFileReference; lastKnownFileType = sourcecode.swift; path = SearchCatalogCell.swift; sourceTree = "<group>"; };
		4812D52F2AC3BBB200E7C6A4 /* BaseViewController.swift */ = {isa = PBXFileReference; lastKnownFileType = sourcecode.swift; path = BaseViewController.swift; sourceTree = "<group>"; };
		4812D5312AC3BBB900E7C6A4 /* BaseCollectionViewCell.swift */ = {isa = PBXFileReference; lastKnownFileType = sourcecode.swift; path = BaseCollectionViewCell.swift; sourceTree = "<group>"; };
		4812D5362AC3D43A00E7C6A4 /* TabViewController.swift */ = {isa = PBXFileReference; lastKnownFileType = sourcecode.swift; path = TabViewController.swift; sourceTree = "<group>"; };
		4812D5382AC3D61200E7C6A4 /* Genre1ViewController.swift */ = {isa = PBXFileReference; lastKnownFileType = sourcecode.swift; path = Genre1ViewController.swift; sourceTree = "<group>"; };
		4812D53A2AC3D61800E7C6A4 /* Genre2ViewController.swift */ = {isa = PBXFileReference; lastKnownFileType = sourcecode.swift; path = Genre2ViewController.swift; sourceTree = "<group>"; };
		4812D53C2AC3D61F00E7C6A4 /* Genre3ViewController.swift */ = {isa = PBXFileReference; lastKnownFileType = sourcecode.swift; path = Genre3ViewController.swift; sourceTree = "<group>"; };
		4812D53E2AC3D62500E7C6A4 /* Genre4ViewController.swift */ = {isa = PBXFileReference; lastKnownFileType = sourcecode.swift; path = Genre4ViewController.swift; sourceTree = "<group>"; };
		4812D5402AC3D62B00E7C6A4 /* Genre5ViewController.swift */ = {isa = PBXFileReference; lastKnownFileType = sourcecode.swift; path = Genre5ViewController.swift; sourceTree = "<group>"; };
		4812D5432AC3D74500E7C6A4 /* GenreDataModel.swift */ = {isa = PBXFileReference; lastKnownFileType = sourcecode.swift; path = GenreDataModel.swift; sourceTree = "<group>"; };
		4812D5452AC4055E00E7C6A4 /* ko */ = {isa = PBXFileReference; lastKnownFileType = text.plist.strings; name = ko; path = ko.lproj/LaunchScreen.strings; sourceTree = "<group>"; };
		4812D54B2AC41C0700E7C6A4 /* SaveViewController.swift */ = {isa = PBXFileReference; lastKnownFileType = sourcecode.swift; path = SaveViewController.swift; sourceTree = "<group>"; };
		4812D54D2AC41C0D00E7C6A4 /* SaveViewModel.swift */ = {isa = PBXFileReference; lastKnownFileType = sourcecode.swift; path = SaveViewModel.swift; sourceTree = "<group>"; };
		4812D54F2AC43ED400E7C6A4 /* SaveCatalogCell.swift */ = {isa = PBXFileReference; lastKnownFileType = sourcecode.swift; path = SaveCatalogCell.swift; sourceTree = "<group>"; };
/* End PBXFileReference section */

/* Begin PBXFrameworksBuildPhase section */
		4812D4F32AC3A9ED00E7C6A4 /* Frameworks */ = {
			isa = PBXFrameworksBuildPhase;
			buildActionMask = 2147483647;
			files = (
				4812D5352AC3D42200E7C6A4 /* Tabman in Frameworks */,
				4812D5182AC3AB2400E7C6A4 /* DGCharts in Frameworks */,
				4812D50F2AC3AAE600E7C6A4 /* Kingfisher in Frameworks */,
				4812D5152AC3AB1000E7C6A4 /* FSCalendar in Frameworks */,
				4812D5122AC3AAF200E7C6A4 /* SnapKit in Frameworks */,
			);
			runOnlyForDeploymentPostprocessing = 0;
		};
/* End PBXFrameworksBuildPhase section */

/* Begin PBXGroup section */
		4812D4ED2AC3A9ED00E7C6A4 = {
			isa = PBXGroup;
			children = (
				4812D4F82AC3A9ED00E7C6A4 /* MyMusicDiary */,
				4812D4F72AC3A9ED00E7C6A4 /* Products */,
			);
			sourceTree = "<group>";
		};
		4812D4F72AC3A9ED00E7C6A4 /* Products */ = {
			isa = PBXGroup;
			children = (
				4812D4F62AC3A9ED00E7C6A4 /* MyMusicDiary.app */,
			);
			name = Products;
			sourceTree = "<group>";
		};
		4812D4F82AC3A9ED00E7C6A4 /* MyMusicDiary */ = {
			isa = PBXGroup;
			children = (
				4812D5422AC3D73900E7C6A4 /* Model */,
				4812D52E2AC3BBA700E7C6A4 /* Base */,
				4812D52B2AC3B94300E7C6A4 /* Cell */,
				4812D5282AC3AF3200E7C6A4 /* Observable */,
				4812D5252AC3AE7D00E7C6A4 /* Struct */,
				4812D5192AC3ABE100E7C6A4 /* Scene */,
				4812D4F92AC3A9ED00E7C6A4 /* AppDelegate.swift */,
				4812D4FB2AC3A9ED00E7C6A4 /* SceneDelegate.swift */,
				4812D4FD2AC3A9ED00E7C6A4 /* ViewController.swift */,
				4812D5022AC3A9EE00E7C6A4 /* Assets.xcassets */,
				4812D5042AC3A9EE00E7C6A4 /* LaunchScreen.storyboard */,
				4812D5072AC3A9EE00E7C6A4 /* Info.plist */,
			);
			path = MyMusicDiary;
			sourceTree = "<group>";
		};
		4812D5192AC3ABE100E7C6A4 /* Scene */ = {
			isa = PBXGroup;
			children = (
				4812D51B2AC3AC0D00E7C6A4 /* Add */,
			);
			path = Scene;
			sourceTree = "<group>";
		};
		4812D51B2AC3AC0D00E7C6A4 /* Add */ = {
			isa = PBXGroup;
			children = (
				4812D51C2AC3AC6F00E7C6A4 /* Save */,
				4812D51D2AC3AC7500E7C6A4 /* Search */,
				4812D51E2AC3AC7A00E7C6A4 /* GenreChart */,
			);
			path = Add;
			sourceTree = "<group>";
		};
		4812D51C2AC3AC6F00E7C6A4 /* Save */ = {
			isa = PBXGroup;
			children = (
				4812D54B2AC41C0700E7C6A4 /* SaveViewController.swift */,
				4812D54D2AC41C0D00E7C6A4 /* SaveViewModel.swift */,
			);
			path = Save;
			sourceTree = "<group>";
		};
		4812D51D2AC3AC7500E7C6A4 /* Search */ = {
			isa = PBXGroup;
			children = (
				4812D51F2AC3AC9B00E7C6A4 /* SearchViewController.swift */,
				4812D5212AC3ACA000E7C6A4 /* SearchViewModel.swift */,
				4812D5232AC3ACED00E7C6A4 /* SearchCatalogAPIManager.swift */,
			);
			path = Search;
			sourceTree = "<group>";
		};
		4812D51E2AC3AC7A00E7C6A4 /* GenreChart */ = {
			isa = PBXGroup;
			children = (
				4812D5362AC3D43A00E7C6A4 /* TabViewController.swift */,
				4812D5382AC3D61200E7C6A4 /* Genre1ViewController.swift */,
				4812D53A2AC3D61800E7C6A4 /* Genre2ViewController.swift */,
				4812D53C2AC3D61F00E7C6A4 /* Genre3ViewController.swift */,
				4812D53E2AC3D62500E7C6A4 /* Genre4ViewController.swift */,
				4812D5402AC3D62B00E7C6A4 /* Genre5ViewController.swift */,
			);
			path = GenreChart;
			sourceTree = "<group>";
		};
		4812D5252AC3AE7D00E7C6A4 /* Struct */ = {
			isa = PBXGroup;
			children = (
				4812D5262AC3AE8600E7C6A4 /* MusicItem.swift */,
			);
			path = Struct;
			sourceTree = "<group>";
		};
		4812D5282AC3AF3200E7C6A4 /* Observable */ = {
			isa = PBXGroup;
			children = (
				4812D5292AC3AF3900E7C6A4 /* Observable.swift */,
			);
			path = Observable;
			sourceTree = "<group>";
		};
		4812D52B2AC3B94300E7C6A4 /* Cell */ = {
			isa = PBXGroup;
			children = (
				4812D52C2AC3B96000E7C6A4 /* SearchCatalogCell.swift */,
				4812D54F2AC43ED400E7C6A4 /* SaveCatalogCell.swift */,
			);
			path = Cell;
			sourceTree = "<group>";
		};
		4812D52E2AC3BBA700E7C6A4 /* Base */ = {
			isa = PBXGroup;
			children = (
				4812D52F2AC3BBB200E7C6A4 /* BaseViewController.swift */,
				4812D5312AC3BBB900E7C6A4 /* BaseCollectionViewCell.swift */,
			);
			path = Base;
			sourceTree = "<group>";
		};
		4812D5422AC3D73900E7C6A4 /* Model */ = {
			isa = PBXGroup;
			children = (
				4812D5432AC3D74500E7C6A4 /* GenreDataModel.swift */,
			);
			path = Model;
			sourceTree = "<group>";
		};
/* End PBXGroup section */

/* Begin PBXNativeTarget section */
		4812D4F52AC3A9ED00E7C6A4 /* MyMusicDiary */ = {
			isa = PBXNativeTarget;
			buildConfigurationList = 4812D50A2AC3A9EE00E7C6A4 /* Build configuration list for PBXNativeTarget "MyMusicDiary" */;
			buildPhases = (
				4812D4F22AC3A9ED00E7C6A4 /* Sources */,
				4812D4F32AC3A9ED00E7C6A4 /* Frameworks */,
				4812D4F42AC3A9ED00E7C6A4 /* Resources */,
			);
			buildRules = (
			);
			dependencies = (
			);
			name = MyMusicDiary;
			packageProductDependencies = (
				4812D50E2AC3AAE600E7C6A4 /* Kingfisher */,
				4812D5112AC3AAF200E7C6A4 /* SnapKit */,
				4812D5142AC3AB1000E7C6A4 /* FSCalendar */,
				4812D5172AC3AB2400E7C6A4 /* DGCharts */,
				4812D5342AC3D42200E7C6A4 /* Tabman */,
			);
			productName = MyMusicDiary;
			productReference = 4812D4F62AC3A9ED00E7C6A4 /* MyMusicDiary.app */;
			productType = "com.apple.product-type.application";
		};
/* End PBXNativeTarget section */

/* Begin PBXProject section */
		4812D4EE2AC3A9ED00E7C6A4 /* Project object */ = {
			isa = PBXProject;
			attributes = {
				BuildIndependentTargetsInParallel = 1;
				LastSwiftUpdateCheck = 1430;
				LastUpgradeCheck = 1430;
				TargetAttributes = {
					4812D4F52AC3A9ED00E7C6A4 = {
						CreatedOnToolsVersion = 14.3.1;
					};
				};
			};
			buildConfigurationList = 4812D4F12AC3A9ED00E7C6A4 /* Build configuration list for PBXProject "MyMusicDiary" */;
			compatibilityVersion = "Xcode 14.0";
			developmentRegion = ko;
			hasScannedForEncodings = 0;
			knownRegions = (
				en,
				Base,
				ko,
			);
			mainGroup = 4812D4ED2AC3A9ED00E7C6A4;
			packageReferences = (
				4812D50D2AC3AAE600E7C6A4 /* XCRemoteSwiftPackageReference "Kingfisher" */,
				4812D5102AC3AAF200E7C6A4 /* XCRemoteSwiftPackageReference "SnapKit" */,
				4812D5132AC3AB1000E7C6A4 /* XCRemoteSwiftPackageReference "FSCalendar" */,
				4812D5162AC3AB2400E7C6A4 /* XCRemoteSwiftPackageReference "Charts" */,
				4812D5332AC3D42200E7C6A4 /* XCRemoteSwiftPackageReference "Tabman" */,
			);
			productRefGroup = 4812D4F72AC3A9ED00E7C6A4 /* Products */;
			projectDirPath = "";
			projectRoot = "";
			targets = (
				4812D4F52AC3A9ED00E7C6A4 /* MyMusicDiary */,
			);
		};
/* End PBXProject section */

/* Begin PBXResourcesBuildPhase section */
		4812D4F42AC3A9ED00E7C6A4 /* Resources */ = {
			isa = PBXResourcesBuildPhase;
			buildActionMask = 2147483647;
			files = (
				4812D5062AC3A9EE00E7C6A4 /* LaunchScreen.storyboard in Resources */,
				4812D5032AC3A9EE00E7C6A4 /* Assets.xcassets in Resources */,
			);
			runOnlyForDeploymentPostprocessing = 0;
		};
/* End PBXResourcesBuildPhase section */

/* Begin PBXSourcesBuildPhase section */
		4812D4F22AC3A9ED00E7C6A4 /* Sources */ = {
			isa = PBXSourcesBuildPhase;
			buildActionMask = 2147483647;
			files = (
				4812D5372AC3D43A00E7C6A4 /* TabViewController.swift in Sources */,
				4812D54C2AC41C0700E7C6A4 /* SaveViewController.swift in Sources */,
				4812D53B2AC3D61800E7C6A4 /* Genre2ViewController.swift in Sources */,
				4812D52A2AC3AF3900E7C6A4 /* Observable.swift in Sources */,
				4812D5442AC3D74500E7C6A4 /* GenreDataModel.swift in Sources */,
				4812D53D2AC3D61F00E7C6A4 /* Genre3ViewController.swift in Sources */,
				4812D5392AC3D61200E7C6A4 /* Genre1ViewController.swift in Sources */,
				4812D5502AC43ED400E7C6A4 /* SaveCatalogCell.swift in Sources */,
				4812D5412AC3D62B00E7C6A4 /* Genre5ViewController.swift in Sources */,
				4812D4FE2AC3A9ED00E7C6A4 /* ViewController.swift in Sources */,
				4812D5222AC3ACA000E7C6A4 /* SearchViewModel.swift in Sources */,
				4812D5272AC3AE8600E7C6A4 /* MusicItem.swift in Sources */,
				4812D5322AC3BBB900E7C6A4 /* BaseCollectionViewCell.swift in Sources */,
				4812D53F2AC3D62500E7C6A4 /* Genre4ViewController.swift in Sources */,
				4812D4FA2AC3A9ED00E7C6A4 /* AppDelegate.swift in Sources */,
				4812D5302AC3BBB200E7C6A4 /* BaseViewController.swift in Sources */,
				4812D5202AC3AC9B00E7C6A4 /* SearchViewController.swift in Sources */,
				4812D52D2AC3B96000E7C6A4 /* SearchCatalogCell.swift in Sources */,
				4812D54E2AC41C0D00E7C6A4 /* SaveViewModel.swift in Sources */,
				4812D5242AC3ACED00E7C6A4 /* SearchCatalogAPIManager.swift in Sources */,
				4812D4FC2AC3A9ED00E7C6A4 /* SceneDelegate.swift in Sources */,
			);
			runOnlyForDeploymentPostprocessing = 0;
		};
/* End PBXSourcesBuildPhase section */

/* Begin PBXVariantGroup section */
		4812D5042AC3A9EE00E7C6A4 /* LaunchScreen.storyboard */ = {
			isa = PBXVariantGroup;
			children = (
				4812D5052AC3A9EE00E7C6A4 /* Base */,
				4812D5452AC4055E00E7C6A4 /* ko */,
			);
			name = LaunchScreen.storyboard;
			sourceTree = "<group>";
		};
/* End PBXVariantGroup section */

/* Begin XCBuildConfiguration section */
		4812D5082AC3A9EE00E7C6A4 /* Debug */ = {
			isa = XCBuildConfiguration;
			buildSettings = {
				ALWAYS_SEARCH_USER_PATHS = NO;
				CLANG_ANALYZER_LOCALIZABILITY_NONLOCALIZED = YES;
				CLANG_ANALYZER_NONNULL = YES;
				CLANG_ANALYZER_NUMBER_OBJECT_CONVERSION = YES_AGGRESSIVE;
				CLANG_CXX_LANGUAGE_STANDARD = "gnu++20";
				CLANG_ENABLE_MODULES = YES;
				CLANG_ENABLE_OBJC_ARC = YES;
				CLANG_ENABLE_OBJC_WEAK = YES;
				CLANG_WARN_BLOCK_CAPTURE_AUTORELEASING = YES;
				CLANG_WARN_BOOL_CONVERSION = YES;
				CLANG_WARN_COMMA = YES;
				CLANG_WARN_CONSTANT_CONVERSION = YES;
				CLANG_WARN_DEPRECATED_OBJC_IMPLEMENTATIONS = YES;
				CLANG_WARN_DIRECT_OBJC_ISA_USAGE = YES_ERROR;
				CLANG_WARN_DOCUMENTATION_COMMENTS = YES;
				CLANG_WARN_EMPTY_BODY = YES;
				CLANG_WARN_ENUM_CONVERSION = YES;
				CLANG_WARN_INFINITE_RECURSION = YES;
				CLANG_WARN_INT_CONVERSION = YES;
				CLANG_WARN_NON_LITERAL_NULL_CONVERSION = YES;
				CLANG_WARN_OBJC_IMPLICIT_RETAIN_SELF = YES;
				CLANG_WARN_OBJC_LITERAL_CONVERSION = YES;
				CLANG_WARN_OBJC_ROOT_CLASS = YES_ERROR;
				CLANG_WARN_QUOTED_INCLUDE_IN_FRAMEWORK_HEADER = YES;
				CLANG_WARN_RANGE_LOOP_ANALYSIS = YES;
				CLANG_WARN_STRICT_PROTOTYPES = YES;
				CLANG_WARN_SUSPICIOUS_MOVE = YES;
				CLANG_WARN_UNGUARDED_AVAILABILITY = YES_AGGRESSIVE;
				CLANG_WARN_UNREACHABLE_CODE = YES;
				CLANG_WARN__DUPLICATE_METHOD_MATCH = YES;
				COPY_PHASE_STRIP = NO;
				DEBUG_INFORMATION_FORMAT = dwarf;
				ENABLE_STRICT_OBJC_MSGSEND = YES;
				ENABLE_TESTABILITY = YES;
				GCC_C_LANGUAGE_STANDARD = gnu11;
				GCC_DYNAMIC_NO_PIC = NO;
				GCC_NO_COMMON_BLOCKS = YES;
				GCC_OPTIMIZATION_LEVEL = 0;
				GCC_PREPROCESSOR_DEFINITIONS = (
					"DEBUG=1",
					"$(inherited)",
				);
				GCC_WARN_64_TO_32_BIT_CONVERSION = YES;
				GCC_WARN_ABOUT_RETURN_TYPE = YES_ERROR;
				GCC_WARN_UNDECLARED_SELECTOR = YES;
				GCC_WARN_UNINITIALIZED_AUTOS = YES_AGGRESSIVE;
				GCC_WARN_UNUSED_FUNCTION = YES;
				GCC_WARN_UNUSED_VARIABLE = YES;
				IPHONEOS_DEPLOYMENT_TARGET = 16.0;
				MTL_ENABLE_DEBUG_INFO = INCLUDE_SOURCE;
				MTL_FAST_MATH = YES;
				ONLY_ACTIVE_ARCH = YES;
				SDKROOT = iphoneos;
				SWIFT_ACTIVE_COMPILATION_CONDITIONS = DEBUG;
				SWIFT_OPTIMIZATION_LEVEL = "-Onone";
			};
			name = Debug;
		};
		4812D5092AC3A9EE00E7C6A4 /* Release */ = {
			isa = XCBuildConfiguration;
			buildSettings = {
				ALWAYS_SEARCH_USER_PATHS = NO;
				CLANG_ANALYZER_LOCALIZABILITY_NONLOCALIZED = YES;
				CLANG_ANALYZER_NONNULL = YES;
				CLANG_ANALYZER_NUMBER_OBJECT_CONVERSION = YES_AGGRESSIVE;
				CLANG_CXX_LANGUAGE_STANDARD = "gnu++20";
				CLANG_ENABLE_MODULES = YES;
				CLANG_ENABLE_OBJC_ARC = YES;
				CLANG_ENABLE_OBJC_WEAK = YES;
				CLANG_WARN_BLOCK_CAPTURE_AUTORELEASING = YES;
				CLANG_WARN_BOOL_CONVERSION = YES;
				CLANG_WARN_COMMA = YES;
				CLANG_WARN_CONSTANT_CONVERSION = YES;
				CLANG_WARN_DEPRECATED_OBJC_IMPLEMENTATIONS = YES;
				CLANG_WARN_DIRECT_OBJC_ISA_USAGE = YES_ERROR;
				CLANG_WARN_DOCUMENTATION_COMMENTS = YES;
				CLANG_WARN_EMPTY_BODY = YES;
				CLANG_WARN_ENUM_CONVERSION = YES;
				CLANG_WARN_INFINITE_RECURSION = YES;
				CLANG_WARN_INT_CONVERSION = YES;
				CLANG_WARN_NON_LITERAL_NULL_CONVERSION = YES;
				CLANG_WARN_OBJC_IMPLICIT_RETAIN_SELF = YES;
				CLANG_WARN_OBJC_LITERAL_CONVERSION = YES;
				CLANG_WARN_OBJC_ROOT_CLASS = YES_ERROR;
				CLANG_WARN_QUOTED_INCLUDE_IN_FRAMEWORK_HEADER = YES;
				CLANG_WARN_RANGE_LOOP_ANALYSIS = YES;
				CLANG_WARN_STRICT_PROTOTYPES = YES;
				CLANG_WARN_SUSPICIOUS_MOVE = YES;
				CLANG_WARN_UNGUARDED_AVAILABILITY = YES_AGGRESSIVE;
				CLANG_WARN_UNREACHABLE_CODE = YES;
				CLANG_WARN__DUPLICATE_METHOD_MATCH = YES;
				COPY_PHASE_STRIP = NO;
				DEBUG_INFORMATION_FORMAT = "dwarf-with-dsym";
				ENABLE_NS_ASSERTIONS = NO;
				ENABLE_STRICT_OBJC_MSGSEND = YES;
				GCC_C_LANGUAGE_STANDARD = gnu11;
				GCC_NO_COMMON_BLOCKS = YES;
				GCC_WARN_64_TO_32_BIT_CONVERSION = YES;
				GCC_WARN_ABOUT_RETURN_TYPE = YES_ERROR;
				GCC_WARN_UNDECLARED_SELECTOR = YES;
				GCC_WARN_UNINITIALIZED_AUTOS = YES_AGGRESSIVE;
				GCC_WARN_UNUSED_FUNCTION = YES;
				GCC_WARN_UNUSED_VARIABLE = YES;
				IPHONEOS_DEPLOYMENT_TARGET = 16.0;
				MTL_ENABLE_DEBUG_INFO = NO;
				MTL_FAST_MATH = YES;
				SDKROOT = iphoneos;
				SWIFT_COMPILATION_MODE = wholemodule;
				SWIFT_OPTIMIZATION_LEVEL = "-O";
				VALIDATE_PRODUCT = YES;
			};
			name = Release;
		};
		4812D50B2AC3A9EE00E7C6A4 /* Debug */ = {
			isa = XCBuildConfiguration;
			buildSettings = {
				ASSETCATALOG_COMPILER_APPICON_NAME = AppIcon;
				ASSETCATALOG_COMPILER_GLOBAL_ACCENT_COLOR_NAME = AccentColor;
				CODE_SIGN_STYLE = Automatic;
				CURRENT_PROJECT_VERSION = 1;
				DEVELOPMENT_TEAM = 2S9WHYP486;
				GENERATE_INFOPLIST_FILE = YES;
				INFOPLIST_FILE = MyMusicDiary/Info.plist;
				INFOPLIST_KEY_NSAppleMusicUsageDescription = "권한을 허용해주세요";
				INFOPLIST_KEY_UIApplicationSupportsIndirectInputEvents = YES;
				INFOPLIST_KEY_UILaunchStoryboardName = LaunchScreen;
				INFOPLIST_KEY_UISupportedInterfaceOrientations = UIInterfaceOrientationPortrait;
				INFOPLIST_KEY_UISupportedInterfaceOrientations_iPad = "UIInterfaceOrientationLandscapeLeft UIInterfaceOrientationLandscapeRight UIInterfaceOrientationPortrait UIInterfaceOrientationPortraitUpsideDown";
				IPHONEOS_DEPLOYMENT_TARGET = 16.0;
				LD_RUNPATH_SEARCH_PATHS = (
					"$(inherited)",
					"@executable_path/Frameworks",
				);
				MARKETING_VERSION = 1.0;
				PRODUCT_BUNDLE_IDENTIFIER = com.sub.MyMusicDiary;
				PRODUCT_NAME = "$(TARGET_NAME)";
				SUPPORTED_PLATFORMS = "iphoneos iphonesimulator";
				SUPPORTS_MACCATALYST = NO;
				SUPPORTS_MAC_DESIGNED_FOR_IPHONE_IPAD = NO;
				SWIFT_EMIT_LOC_STRINGS = YES;
				SWIFT_VERSION = 5.0;
				TARGETED_DEVICE_FAMILY = 1;
			};
			name = Debug;
		};
		4812D50C2AC3A9EE00E7C6A4 /* Release */ = {
			isa = XCBuildConfiguration;
			buildSettings = {
				ASSETCATALOG_COMPILER_APPICON_NAME = AppIcon;
				ASSETCATALOG_COMPILER_GLOBAL_ACCENT_COLOR_NAME = AccentColor;
				CODE_SIGN_STYLE = Automatic;
				CURRENT_PROJECT_VERSION = 1;
				DEVELOPMENT_TEAM = 2S9WHYP486;
				GENERATE_INFOPLIST_FILE = YES;
				INFOPLIST_FILE = MyMusicDiary/Info.plist;
				INFOPLIST_KEY_NSAppleMusicUsageDescription = "권한을 허용해주세요";
				INFOPLIST_KEY_UIApplicationSupportsIndirectInputEvents = YES;
				INFOPLIST_KEY_UILaunchStoryboardName = LaunchScreen;
				INFOPLIST_KEY_UISupportedInterfaceOrientations = UIInterfaceOrientationPortrait;
				INFOPLIST_KEY_UISupportedInterfaceOrientations_iPad = "UIInterfaceOrientationLandscapeLeft UIInterfaceOrientationLandscapeRight UIInterfaceOrientationPortrait UIInterfaceOrientationPortraitUpsideDown";
				IPHONEOS_DEPLOYMENT_TARGET = 16.0;
				LD_RUNPATH_SEARCH_PATHS = (
					"$(inherited)",
					"@executable_path/Frameworks",
				);
				MARKETING_VERSION = 1.0;
				PRODUCT_BUNDLE_IDENTIFIER = com.sub.MyMusicDiary;
				PRODUCT_NAME = "$(TARGET_NAME)";
				SUPPORTED_PLATFORMS = "iphoneos iphonesimulator";
				SUPPORTS_MACCATALYST = NO;
				SUPPORTS_MAC_DESIGNED_FOR_IPHONE_IPAD = NO;
				SWIFT_EMIT_LOC_STRINGS = YES;
				SWIFT_VERSION = 5.0;
				TARGETED_DEVICE_FAMILY = 1;
			};
			name = Release;
		};
/* End XCBuildConfiguration section */

/* Begin XCConfigurationList section */
		4812D4F12AC3A9ED00E7C6A4 /* Build configuration list for PBXProject "MyMusicDiary" */ = {
			isa = XCConfigurationList;
			buildConfigurations = (
				4812D5082AC3A9EE00E7C6A4 /* Debug */,
				4812D5092AC3A9EE00E7C6A4 /* Release */,
			);
			defaultConfigurationIsVisible = 0;
			defaultConfigurationName = Release;
		};
		4812D50A2AC3A9EE00E7C6A4 /* Build configuration list for PBXNativeTarget "MyMusicDiary" */ = {
			isa = XCConfigurationList;
			buildConfigurations = (
				4812D50B2AC3A9EE00E7C6A4 /* Debug */,
				4812D50C2AC3A9EE00E7C6A4 /* Release */,
			);
			defaultConfigurationIsVisible = 0;
			defaultConfigurationName = Release;
		};
/* End XCConfigurationList section */

/* Begin XCRemoteSwiftPackageReference section */
		4812D50D2AC3AAE600E7C6A4 /* XCRemoteSwiftPackageReference "Kingfisher" */ = {
			isa = XCRemoteSwiftPackageReference;
			repositoryURL = "https://github.com/onevcat/Kingfisher";
			requirement = {
				kind = upToNextMajorVersion;
				minimumVersion = 7.0.0;
			};
		};
		4812D5102AC3AAF200E7C6A4 /* XCRemoteSwiftPackageReference "SnapKit" */ = {
			isa = XCRemoteSwiftPackageReference;
			repositoryURL = "https://github.com/SnapKit/SnapKit";
			requirement = {
				kind = upToNextMajorVersion;
				minimumVersion = 5.0.0;
			};
		};
		4812D5132AC3AB1000E7C6A4 /* XCRemoteSwiftPackageReference "FSCalendar" */ = {
			isa = XCRemoteSwiftPackageReference;
			repositoryURL = "https://github.com/WenchaoD/FSCalendar";
			requirement = {
				kind = upToNextMajorVersion;
				minimumVersion = 2.0.0;
			};
		};
		4812D5162AC3AB2400E7C6A4 /* XCRemoteSwiftPackageReference "Charts" */ = {
			isa = XCRemoteSwiftPackageReference;
			repositoryURL = "https://github.com/danielgindi/Charts";
			requirement = {
				kind = upToNextMajorVersion;
				minimumVersion = 5.0.0;
			};
		};
		4812D5332AC3D42200E7C6A4 /* XCRemoteSwiftPackageReference "Tabman" */ = {
			isa = XCRemoteSwiftPackageReference;
			repositoryURL = "https://github.com/uias/Tabman.git";
			requirement = {
				kind = upToNextMajorVersion;
				minimumVersion = 3.0.0;
			};
		};
/* End XCRemoteSwiftPackageReference section */

/* Begin XCSwiftPackageProductDependency section */
		4812D50E2AC3AAE600E7C6A4 /* Kingfisher */ = {
			isa = XCSwiftPackageProductDependency;
			package = 4812D50D2AC3AAE600E7C6A4 /* XCRemoteSwiftPackageReference "Kingfisher" */;
			productName = Kingfisher;
		};
		4812D5112AC3AAF200E7C6A4 /* SnapKit */ = {
			isa = XCSwiftPackageProductDependency;
			package = 4812D5102AC3AAF200E7C6A4 /* XCRemoteSwiftPackageReference "SnapKit" */;
			productName = SnapKit;
		};
		4812D5142AC3AB1000E7C6A4 /* FSCalendar */ = {
			isa = XCSwiftPackageProductDependency;
			package = 4812D5132AC3AB1000E7C6A4 /* XCRemoteSwiftPackageReference "FSCalendar" */;
			productName = FSCalendar;
		};
		4812D5172AC3AB2400E7C6A4 /* DGCharts */ = {
			isa = XCSwiftPackageProductDependency;
			package = 4812D5162AC3AB2400E7C6A4 /* XCRemoteSwiftPackageReference "Charts" */;
			productName = DGCharts;
		};
		4812D5342AC3D42200E7C6A4 /* Tabman */ = {
			isa = XCSwiftPackageProductDependency;
			package = 4812D5332AC3D42200E7C6A4 /* XCRemoteSwiftPackageReference "Tabman" */;
			productName = Tabman;
		};
/* End XCSwiftPackageProductDependency section */
	};
	rootObject = 4812D4EE2AC3A9ED00E7C6A4 /* Project object */;
}
